
Microsoft Visual Studio Solution File, Format Version 12.00
# Visual Studio 15
Project("{FAE04EC0-301F-11D3-BF4B-00C04F79EFBC}") = "Unity.Timeline", "Unity.Timeline.csproj", "{D72906D9-5A1A-A7B1-12FE-4C4A3DC7915E}"
EndProject
Project("{FAE04EC0-301F-11D3-BF4B-00C04F79EFBC}") = "Unity.RenderPipelines.GPUDriven.Runtime", "Unity.RenderPipelines.GPUDriven.Runtime.csproj", "{D85BBBF9-379C-A5DE-E573-9C6A85B68AAF}"
EndProject
Project("{FAE04EC0-301F-11D3-BF4B-00C04F79EFBC}") = "Unity.PlasticSCM.Editor", "Unity.PlasticSCM.Editor.csproj", "{CD3D5B77-BCB8-9A8B-698E-5064FFB739C9}"
EndProject
Project("{FAE04EC0-301F-11D3-BF4B-00C04F79EFBC}") = "Unity.ShaderGraph.Editor", "Unity.ShaderGraph.Editor.csproj", "{0E37C336-159C-D28E-90B2-A84475346FC0}"
EndProject
Project("{FAE04EC0-301F-11D3-BF4B-00C04F79EFBC}") = "Unity.RenderPipelines.Core.Runtime", "Unity.RenderPipelines.Core.Runtime.csproj", "{87CE6007-549E-8438-9E73-F2D4D99F9421}"
EndProject
Project("{FAE04EC0-301F-11D3-BF4B-00C04F79EFBC}") = "Unity.Mathematics", "Unity.Mathematics.csproj", "{46523621-6670-DDF9-C04C-1EEE759F643A}"
EndProject
Project("{FAE04EC0-301F-11D3-BF4B-00C04F79EFBC}") = "Unity.Timeline.Editor", "Unity.Timeline.Editor.csproj", "{2D7333F3-CACA-1FEC-A27F-C412D423A83C}"
EndProject
Project("{FAE04EC0-301F-11D3-BF4B-00C04F79EFBC}") = "Unity.Multiplayer.Center.Editor", "Unity.Multiplayer.Center.Editor.csproj", "{9B0E06EF-2D5E-881A-4811-976087195B37}"
EndProject
Project("{FAE04EC0-301F-11D3-BF4B-00C04F79EFBC}") = "Unity.RenderPipelines.Core.Editor", "Unity.RenderPipelines.Core.Editor.csproj", "{48E5D9B5-56CE-C5A5-EBF2-5E3F162EDF06}"
EndProject
Project("{FAE04EC0-301F-11D3-BF4B-00C04F79EFBC}") = "Unity.Collections", "Unity.Collections.csproj", "{791E8EBD-2F01-2BBF-8584-E1A623778D87}"
EndProject
Project("{FAE04EC0-301F-11D3-BF4B-00C04F79EFBC}") = "UnityEngine.UI", "UnityEngine.UI.csproj", "{47873963-81AD-426A-3D8E-2500B4799187}"
EndProject
Project("{FAE04EC0-301F-11D3-BF4B-00C04F79EFBC}") = "Unity.RenderPipelines.Universal.2D.Runtime", "Unity.RenderPipelines.Universal.2D.Runtime.csproj", "{E7EA8D90-5478-31B7-7939-2E1F8E6A97E8}"
EndProject
Project("{FAE04EC0-301F-11D3-BF4B-00C04F79EFBC}") = "Unity.XR.Simulation", "Unity.XR.Simulation.csproj", "{DEDB3507-5D29-DBDA-6870-5A05061D3F31}"
EndProject
Project("{FAE04EC0-301F-11D3-BF4B-00C04F79EFBC}") = "Unity.RenderPipelines.Universal.Editor", "Unity.RenderPipelines.Universal.Editor.csproj", "{62B1494B-EED3-47F0-FD3F-526921381637}"
EndProject
Project("{FAE04EC0-301F-11D3-BF4B-00C04F79EFBC}") = "Unity.PerformanceTesting.Editor", "Unity.PerformanceTesting.Editor.csproj", "{90A675D4-248E-811B-C427-741C2C39325F}"
EndProject
Project("{FAE04EC0-301F-11D3-BF4B-00C04F79EFBC}") = "Assembly-CSharp", "Assembly-CSharp.csproj", "{C29F9DF5-6854-61C4-896F-627FBDB28036}"
EndProject
Project("{FAE04EC0-301F-11D3-BF4B-00C04F79EFBC}") = "UnityEngine.TestRunner", "UnityEngine.TestRunner.csproj", "{AAC65378-1BA7-F730-B247-7CF1AD310CFB}"
EndProject
Project("{FAE04EC0-301F-11D3-BF4B-00C04F79EFBC}") = "Unity.XR.ARFoundation.VisualScripting.Editor", "Unity.XR.ARFoundation.VisualScripting.Editor.csproj", "{16F1168A-C857-6F1B-6E55-467125A5C647}"
EndProject
Project("{FAE04EC0-301F-11D3-BF4B-00C04F79EFBC}") = "Unity.Burst", "Unity.Burst.csproj", "{A655CE9C-24E9-8D93-83F8-645E67A2ED0E}"
EndProject
Project("{FAE04EC0-301F-11D3-BF4B-00C04F79EFBC}") = "Unity.Tutorials.Core.Editor", "Unity.Tutorials.Core.Editor.csproj", "{89E06DE3-70E9-3BC0-5E43-E181518EBD83}"
EndProject
Project("{FAE04EC0-301F-11D3-BF4B-00C04F79EFBC}") = "Unity.XR.ARKit", "Unity.XR.ARKit.csproj", "{DFF3F5D2-D03D-D421-AD1C-A04C1162A1E0}"
EndProject
Project("{FAE04EC0-301F-11D3-BF4B-00C04F79EFBC}") = "Unity.XR.Interaction.Toolkit", "Unity.XR.Interaction.Toolkit.csproj", "{3465DF15-72DD-2F12-9B62-C5A31C95E6B5}"
EndProject
Project("{FAE04EC0-301F-11D3-BF4B-00C04F79EFBC}") = "Unity.XR.ARSubsystems", "Unity.XR.ARSubsystems.csproj", "{4E7CEB04-B70D-8C72-6359-23009186B685}"
EndProject
Project("{FAE04EC0-301F-11D3-BF4B-00C04F79EFBC}") = "Unity.VisualStudio.Editor", "Unity.VisualStudio.Editor.csproj", "{3C779C73-A5BE-7CBC-E262-A19360490688}"
EndProject
Project("{FAE04EC0-301F-11D3-BF4B-00C04F79EFBC}") = "Unity.InputSystem", "Unity.InputSystem.csproj", "{A4550170-BEB9-BC70-C1D0-05BCBE02FFBC}"
EndProject
Project("{FAE04EC0-301F-11D3-BF4B-00C04F79EFBC}") = "PPv2URPConverters", "PPv2URPConverters.csproj", "{46ECF272-3F6E-099B-52D7-FD49697ADAD4}"
EndProject
Project("{FAE04EC0-301F-11D3-BF4B-00C04F79EFBC}") = "Unity.XR.Interaction.Toolkit.Editor", "Unity.XR.Interaction.Toolkit.Editor.csproj", "{F52D6490-9AD4-DBA3-AB51-FA41888880C1}"
EndProject
Project("{FAE04EC0-301F-11D3-BF4B-00C04F79EFBC}") = "Unity.XR.ARKit.Editor", "Unity.XR.ARKit.Editor.csproj", "{D16606CF-3F94-95EF-E3F1-6D076F7FD87C}"
EndProject
Project("{FAE04EC0-301F-11D3-BF4B-00C04F79EFBC}") = "Unity.XR.CoreUtils", "Unity.XR.CoreUtils.csproj", "{9E29ED7B-8817-85A6-ECAB-E66B4F5C1D88}"
EndProject
Project("{FAE04EC0-301F-11D3-BF4B-00C04F79EFBC}") = "Unity.XR.Simulation.Editor", "Unity.XR.Simulation.Editor.csproj", "{CB46B6BD-78E4-5FE0-6449-710A3215419A}"
EndProject
Project("{FAE04EC0-301F-11D3-BF4B-00C04F79EFBC}") = "Unity.Searcher.Editor", "Unity.Searcher.Editor.csproj", "{82030CF9-7577-F9AB-07C9-ED2BCFA60A9D}"
EndProject
Project("{FAE04EC0-301F-11D3-BF4B-00C04F79EFBC}") = "Unity.XR.ARCore", "Unity.XR.ARCore.csproj", "{BCC8BD89-8555-FA57-0040-CD5B538C0DA7}"
EndProject
Project("{FAE04EC0-301F-11D3-BF4B-00C04F79EFBC}") = "UnityEditor.TestRunner", "UnityEditor.TestRunner.csproj", "{03F51627-7687-4044-7151-E6FB2A6E00D5}"
EndProject
Project("{FAE04EC0-301F-11D3-BF4B-00C04F79EFBC}") = "Unity.RenderPipelines.Universal.Runtime", "Unity.RenderPipelines.Universal.Runtime.csproj", "{78945F08-EF17-3F39-0485-75DF6670B09A}"
EndProject
Project("{FAE04EC0-301F-11D3-BF4B-00C04F79EFBC}") = "NativeFilePicker.Runtime", "NativeFilePicker.Runtime.csproj", "{E42D3C9D-C58C-3136-D1C9-CF27A776ED52}"
EndProject
Project("{FAE04EC0-301F-11D3-BF4B-00C04F79EFBC}") = "Assembly-CSharp-Editor", "Assembly-CSharp-Editor.csproj", "{76336739-390A-40B7-FCC3-F7676C397709}"
EndProject
Project("{FAE04EC0-301F-11D3-BF4B-00C04F79EFBC}") = "Unity.CollabProxy.Editor", "Unity.CollabProxy.Editor.csproj", "{6B602359-2D44-BC4B-CF9D-FBD5D3D3F245}"
EndProject
Project("{FAE04EC0-301F-11D3-BF4B-00C04F79EFBC}") = "Unity.TestTools.CodeCoverage.Editor", "Unity.TestTools.CodeCoverage.Editor.csproj", "{93DFF644-286E-4245-3033-6CB4F1B861DD}"
EndProject
Project("{FAE04EC0-301F-11D3-BF4B-00C04F79EFBC}") = "Unity.Burst.CodeGen", "Unity.Burst.CodeGen.csproj", "{E6941BD7-80FA-C96B-4C8C-6964EA565E71}"
EndProject
Project("{FAE04EC0-301F-11D3-BF4B-00C04F79EFBC}") = "Unity.XR.ARFoundation", "Unity.XR.ARFoundation.csproj", "{6EAED416-9F56-C3FB-7A1A-A4612E4F1E3C}"
EndProject
Project("{FAE04EC0-301F-11D3-BF4B-00C04F79EFBC}") = "Unity.PerformanceTesting", "Unity.PerformanceTesting.csproj", "{B054A37D-995F-07B0-3802-1D93D78BD3D1}"
EndProject
Project("{FAE04EC0-301F-11D3-BF4B-00C04F79EFBC}") = "Unity.XR.XREAL", "Unity.XR.XREAL.csproj", "{C207F260-0D4D-CDC7-6DC0-904C62A9C8B5}"
EndProject
Project("{FAE04EC0-301F-11D3-BF4B-00C04F79EFBC}") = "Unity.TestTools.CodeCoverage.Editor.OpenCover.Model", "Unity.TestTools.CodeCoverage.Editor.OpenCover.Model.csproj", "{CDF57E3B-4C66-8329-73A3-1441CAC402C2}"
EndProject
Project("{FAE04EC0-301F-11D3-BF4B-00C04F79EFBC}") = "Unity.TextMeshPro", "Unity.TextMeshPro.csproj", "{97E79BC9-41A5-C50B-D3D1-AAB588C5CF3C}"
EndProject
Project("{FAE04EC0-301F-11D3-BF4B-00C04F79EFBC}") = "Unity.TextMeshPro.Editor", "Unity.TextMeshPro.Editor.csproj", "{B9B97990-051D-77EF-368C-582F7C100294}"
EndProject
Project("{FAE04EC0-301F-11D3-BF4B-00C04F79EFBC}") = "Unity.Rendering.LightTransport.Runtime", "Unity.Rendering.LightTransport.Runtime.csproj", "{BA3F56BA-DF1F-84F0-8B82-E319DE038057}"
EndProject
Project("{FAE04EC0-301F-11D3-BF4B-00C04F79EFBC}") = "Unity.Burst.Editor", "Unity.Burst.Editor.csproj", "{D5153585-A218-ED13-6377-D35F9360B926}"
EndProject
Project("{FAE04EC0-301F-11D3-BF4B-00C04F79EFBC}") = "Unity.TestTools.CodeCoverage.Editor.OpenCover.Mono.Reflection", "Unity.TestTools.CodeCoverage.Editor.OpenCover.Mono.Reflection.csproj", "{B522F0EE-DE5D-E248-5D6A-1F2D0908168A}"
EndProject
Project("{FAE04EC0-301F-11D3-BF4B-00C04F79EFBC}") = "Unity.Rider.Editor", "Unity.Rider.Editor.csproj", "{ACFB86DB-C965-9CA3-BEE9-1E14D50BE581}"
EndProject
Project("{FAE04EC0-301F-11D3-BF4B-00C04F79EFBC}") = "Unity.XR.ARFoundation.VisualScripting", "Unity.XR.ARFoundation.VisualScripting.csproj", "{D0C5D8FD-DFDC-B220-3971-860BD3110F06}"
EndProject
Project("{FAE04EC0-301F-11D3-BF4B-00C04F79EFBC}") = "Unity.XR.ARSubsystems.Editor", "Unity.XR.ARSubsystems.Editor.csproj", "{01ED1059-FF02-E052-88D7-37CB878D1B52}"
EndProject
Project("{FAE04EC0-301F-11D3-BF4B-00C04F79EFBC}") = "Unity.Performance.Profile-Analyzer.Editor", "Unity.Performance.Profile-Analyzer.Editor.csproj", "{4F6EC23C-6102-CE3A-5387-FF1EC06B50A4}"
EndProject
Project("{FAE04EC0-301F-11D3-BF4B-00C04F79EFBC}") = "Unity.XR.Management.Editor", "Unity.XR.Management.Editor.csproj", "{58B07B4F-909A-D3E6-4F30-AD882977B662}"
EndProject
Project("{FAE04EC0-301F-11D3-BF4B-00C04F79EFBC}") = "UnityEditor.UI", "UnityEditor.UI.csproj", "{6AC594EE-F775-699C-8590-8504A059F768}"
EndProject
Project("{FAE04EC0-301F-11D3-BF4B-00C04F79EFBC}") = "Unity.InternalAPIEngineBridge.007", "Unity.InternalAPIEngineBridge.007.csproj", "{73F86254-B852-78CC-0118-CF8C9E051491}"
EndProject
Project("{FAE04EC0-301F-11D3-BF4B-00C04F79EFBC}") = "Unity.XR.CoreUtils.Editor", "Unity.XR.CoreUtils.Editor.csproj", "{474832BD-8E36-2A54-8FF9-2A7DC894065F}"
EndProject
Project("{FAE04EC0-301F-11D3-BF4B-00C04F79EFBC}") = "Unity.XR.Interaction.Toolkit.Samples.StarterAssets", "Unity.XR.Interaction.Toolkit.Samples.StarterAssets.csproj", "{5A38C553-BE8B-4AA4-1ABF-2A17FCD07719}"
EndProject
Project("{FAE04EC0-301F-11D3-BF4B-00C04F79EFBC}") = "Unity.2D.Sprite.Editor", "Unity.2D.Sprite.Editor.csproj", "{BDB49788-A468-2958-EE9D-9677323597B7}"
EndProject
Project("{FAE04EC0-301F-11D3-BF4B-00C04F79EFBC}") = "Unity.InternalAPIEditorBridge.007", "Unity.InternalAPIEditorBridge.007.csproj", "{34AD99B8-929F-E307-9137-25EEC8844848}"
EndProject
Project("{FAE04EC0-301F-11D3-BF4B-00C04F79EFBC}") = "Unity.Multiplayer.Center.Common", "Unity.Multiplayer.Center.Common.csproj", "{4550AA26-4252-6CBC-7E80-9A247BD52042}"
EndProject
Project("{FAE04EC0-301F-11D3-BF4B-00C04F79EFBC}") = "Unity.XR.Interaction.Toolkit.Analytics.Editor", "Unity.XR.Interaction.Toolkit.Analytics.Editor.csproj", "{38AF500B-827F-3265-5E94-7E0EA9C060EE}"
EndProject
Project("{FAE04EC0-301F-11D3-BF4B-00C04F79EFBC}") = "Unity.XR.XREAL.Editor", "Unity.XR.XREAL.Editor.csproj", "{ED54B799-A74A-5B77-A236-2CE637B35FE3}"
EndProject
Project("{FAE04EC0-301F-11D3-BF4B-00C04F79EFBC}") = "Unity.XR.Interaction.Toolkit.CodeSamples.Tests", "Unity.XR.Interaction.Toolkit.CodeSamples.Tests.csproj", "{48BC8806-B2F6-F2A3-D864-9CC23D290A77}"
EndProject
Project("{FAE04EC0-301F-11D3-BF4B-00C04F79EFBC}") = "Unity.InputSystem.ForUI", "Unity.InputSystem.ForUI.csproj", "{D23B98E8-5DB6-A9F6-76A0-1B7081242002}"
EndProject
Project("{FAE04EC0-301F-11D3-BF4B-00C04F79EFBC}") = "Unity.XR.Interaction.Toolkit.Analytics.Hooks.Editor", "Unity.XR.Interaction.Toolkit.Analytics.Hooks.Editor.csproj", "{A7A0E5F1-321C-A93C-AFD7-6498B07BF55A}"
EndProject
Project("{FAE04EC0-301F-11D3-BF4B-00C04F79EFBC}") = "Unity.Collections.CodeGen", "Unity.Collections.CodeGen.csproj", "{5A005800-0B8E-080D-794A-2E09870C6D56}"
EndProject
Project("{FAE04EC0-301F-11D3-BF4B-00C04F79EFBC}") = "Unity.XR.Management", "Unity.XR.Management.csproj", "{7ED104CD-3B63-9328-0A42-1DA5DDC49A04}"
EndProject
Project("{FAE04EC0-301F-11D3-BF4B-00C04F79EFBC}") = "Unity.Mathematics.Editor", "Unity.Mathematics.Editor.csproj", "{47DD38A8-0AC3-46C1-2AD5-D23D023C12C0}"
EndProject
Project("{FAE04EC0-301F-11D3-BF4B-00C04F79EFBC}") = "Unity.Tutorials.Core", "Unity.Tutorials.Core.csproj", "{E33D02A0-24F9-62DB-B9D5-2C7B7A797701}"
EndProject
Project("{FAE04EC0-301F-11D3-BF4B-00C04F79EFBC}") = "Unity.XR.ARCore.Editor", "Unity.XR.ARCore.Editor.csproj", "{A4EC02B5-5F1B-A5D7-4840-7B4E9643EA45}"
EndProject
Project("{FAE04EC0-301F-11D3-BF4B-00C04F79EFBC}") = "Unity.XR.Interaction.Toolkit.Samples.ARStarterAssets", "Unity.XR.Interaction.Toolkit.Samples.ARStarterAssets.csproj", "{76345220-DD94-D0A1-5A9D-910315CABB20}"
EndProject
Project("{FAE04EC0-301F-11D3-BF4B-00C04F79EFBC}") = "NativeFilePicker.Editor", "NativeFilePicker.Editor.csproj", "{EAB10226-C3D9-1222-D4C1-0BEAC4078DA8}"
EndProject
Project("{FAE04EC0-301F-11D3-BF4B-00C04F79EFBC}") = "Unity.Settings.Editor", "Unity.Settings.Editor.csproj", "{FF6C8697-D7DB-26BD-B073-A4528A353F1F}"
EndProject
Project("{FAE04EC0-301F-11D3-BF4B-00C04F79EFBC}") = "Unity.InputSystem.TestFramework", "Unity.InputSystem.TestFramework.csproj", "{962E1DC2-E411-B4E5-47D3-C8B7A01569F5}"
EndProject
Project("{FAE04EC0-301F-11D3-BF4B-00C04F79EFBC}") = "UnityEditor.XR.LegacyInputHelpers", "UnityEditor.XR.LegacyInputHelpers.csproj", "{D13E0F30-B5DA-B44A-A068-F0B8A253B8A0}"
EndProject
Project("{FAE04EC0-301F-11D3-BF4B-00C04F79EFBC}") = "Unity.ShaderGraph.Utilities", "Unity.ShaderGraph.Utilities.csproj", "{3C027414-EFE5-C591-B540-95455CECD62C}"
EndProject
Project("{FAE04EC0-301F-11D3-BF4B-00C04F79EFBC}") = "Unity.XR.ARFoundation.InternalUtils", "Unity.XR.ARFoundation.InternalUtils.csproj", "{7B5A2DF6-F14B-E938-E468-B74B245A5634}"
EndProject
Project("{FAE04EC0-301F-11D3-BF4B-00C04F79EFBC}") = "Unity.XR.ARFoundation.Editor", "Unity.XR.ARFoundation.Editor.csproj", "{0CE71E0A-79B8-DF5F-8EF0-6D07683FD3DC}"
EndProject
Project("{FAE04EC0-301F-11D3-BF4B-00C04F79EFBC}") = "Unity.EditorCoroutines.Editor", "Unity.EditorCoroutines.Editor.csproj", "{81953BC7-5A9E-DF77-E083-D35E7862114A}"
EndProject
Project("{FAE04EC0-301F-11D3-BF4B-00C04F79EFBC}") = "Unity.RenderPipeline.Universal.ShaderLibrary", "Unity.RenderPipeline.Universal.ShaderLibrary.csproj", "{5C62813D-9AD7-74BC-B560-ABAF9B3C7564}"
EndProject
Project("{FAE04EC0-301F-11D3-BF4B-00C04F79EFBC}") = "UnityEngine.SpatialTracking", "UnityEngine.SpatialTracking.csproj", "{4454B196-0A68-B34D-9B00-E2B5A0DBBAEB}"
EndProject
Project("{FAE04EC0-301F-11D3-BF4B-00C04F79EFBC}") = "UnityEngine.XR.LegacyInputHelpers", "UnityEngine.XR.LegacyInputHelpers.csproj", "{E14C0803-C5EB-E58A-AE66-34968AF38FC5}"
EndProject
Project("{FAE04EC0-301F-11D3-BF4B-00C04F79EFBC}") = "Unity.Rendering.LightTransport.Editor", "Unity.Rendering.LightTransport.Editor.csproj", "{D61174B4-13B9-EE5A-0F34-69A25B947343}"
EndProject
Project("{FAE04EC0-301F-11D3-BF4B-00C04F79EFBC}") = "Unity.InputSystem.DocCodeSamples", "Unity.InputSystem.DocCodeSamples.csproj", "{C062769E-3EA6-AD47-834A-A7A4A31F9181}"
EndProject
Project("{FAE04EC0-301F-11D3-BF4B-00C04F79EFBC}") = "Unity.RenderPipelines.Universal.Shaders", "Unity.RenderPipelines.Universal.Shaders.csproj", "{E3847B20-AC43-ED92-0937-78A4CD0214AB}"
EndProject
Project("{FAE04EC0-301F-11D3-BF4B-00C04F79EFBC}") = "Unity.RenderPipelines.Core.Runtime.Shared", "Unity.RenderPipelines.Core.Runtime.Shared.csproj", "{C5A0EF91-EE4A-2A60-0CD8-25C906D48E26}"
EndProject
Project("{FAE04EC0-301F-11D3-BF4B-00C04F79EFBC}") = "Unity.XR.ARAnalytics.Editor", "Unity.XR.ARAnalytics.Editor.csproj", "{5ECCCF84-DDCE-5A79-DB51-61D6A6E9942C}"
EndProject
Project("{FAE04EC0-301F-11D3-BF4B-00C04F79EFBC}") = "Unity.XR.ARFoundation.InternalUtils.Editor", "Unity.XR.ARFoundation.InternalUtils.Editor.csproj", "{C5DBBB17-0AD5-8144-1989-542C24EDD190}"
EndProject
Project("{FAE04EC0-301F-11D3-BF4B-00C04F79EFBC}") = "Unity.XR.ARKit.FaceTracking", "Unity.XR.ARKit.FaceTracking.csproj", "{DE05987D-6799-4BE8-2F92-08D34B8BAD68}"
EndProject
Project("{FAE04EC0-301F-11D3-BF4B-00C04F79EFBC}") = "Unity.XR.Interaction.Toolkit.Samples.ARStarterAssets.Editor", "Unity.XR.Interaction.Toolkit.Samples.ARStarterAssets.Editor.csproj", "{69D54DB3-AD4D-587B-572D-423CBB5464D7}"
EndProject
Project("{FAE04EC0-301F-11D3-BF4B-00C04F79EFBC}") = "UnityEditor.SpatialTracking", "UnityEditor.SpatialTracking.csproj", "{A14538BB-EB29-8AEC-7F00-B43682FC7374}"
EndProject
Project("{FAE04EC0-301F-11D3-BF4B-00C04F79EFBC}") = "Unity.XR.Interaction.Toolkit.Samples.StarterAssets.Editor", "Unity.XR.Interaction.Toolkit.Samples.StarterAssets.Editor.csproj", "{588ECEFD-7507-6D26-B5A3-1B8BC02993D0}"
EndProject
Project("{FAE04EC0-301F-11D3-BF4B-00C04F79EFBC}") = "Unity.Collections.Editor", "Unity.Collections.Editor.csproj", "{D3A484B5-919C-7B95-E363-8A3E37411557}"
EndProject
Project("{FAE04EC0-301F-11D3-BF4B-00C04F79EFBC}") = "Unity.RenderPipelines.Universal.Config.Runtime", "Unity.RenderPipelines.Universal.Config.Runtime.csproj", "{A6C94A66-6680-6F80-2BE9-8663ED1498DE}"
EndProject
Project("{FAE04EC0-301F-11D3-BF4B-00C04F79EFBC}") = "Unity.RenderPipelines.ShaderGraph.ShaderGraphLibrary", "Unity.RenderPipelines.ShaderGraph.ShaderGraphLibrary.csproj", "{11F73957-22A1-78A5-EC4D-2C10D819E4B1}"
EndProject
Project("{FAE04EC0-301F-11D3-BF4B-00C04F79EFBC}") = "Unity.RenderPipelines.Core.ShaderLibrary", "Unity.RenderPipelines.Core.ShaderLibrary.csproj", "{DFF28CCC-3228-F2E8-910C-46215C35D783}"
EndProject
Project("{FAE04EC0-301F-11D3-BF4B-00C04F79EFBC}") = "Unity.RenderPipelines.Core.Editor.Shared", "Unity.RenderPipelines.Core.Editor.Shared.csproj", "{7884A3A7-08ED-FD30-099E-8B213F832DA5}"
EndProject
Project("{FAE04EC0-301F-11D3-BF4B-00C04F79EFBC}") = "Unity.Timeline", "Unity.Timeline.Player.csproj", "{C891C35A-CC8E-1630-9860-615A8E422939}"
EndProject
Project("{FAE04EC0-301F-11D3-BF4B-00C04F79EFBC}") = "Unity.RenderPipelines.GPUDriven.Runtime", "Unity.RenderPipelines.GPUDriven.Runtime.Player.csproj", "{088DDAED-2763-088F-1CA6-AB459AFAA3BA}"
EndProject
Project("{FAE04EC0-301F-11D3-BF4B-00C04F79EFBC}") = "Unity.RenderPipelines.Core.Runtime", "Unity.RenderPipelines.Core.Runtime.Player.csproj", "{FF6DF3F1-9D63-39E3-9EDF-6A767F5F8A31}"
EndProject
Project("{FAE04EC0-301F-11D3-BF4B-00C04F79EFBC}") = "Unity.Mathematics", "Unity.Mathematics.Player.csproj", "{89EF336A-25B5-D6DD-8AD9-64CF2677A6D0}"
EndProject
Project("{FAE04EC0-301F-11D3-BF4B-00C04F79EFBC}") = "Unity.Collections", "Unity.Collections.Player.csproj", "{1DFBE881-DE41-2A98-660D-BE74D7C763F3}"
EndProject
Project("{FAE04EC0-301F-11D3-BF4B-00C04F79EFBC}") = "UnityEngine.UI", "UnityEngine.UI.Player.csproj", "{B26AD2B6-17A9-9555-EA37-F891F73E989C}"
EndProject
Project("{FAE04EC0-301F-11D3-BF4B-00C04F79EFBC}") = "Unity.RenderPipelines.Universal.2D.Runtime", "Unity.RenderPipelines.Universal.2D.Runtime.Player.csproj", "{AF6E40C5-785E-5A92-DC82-F2BDE5E98EA4}"
EndProject
Project("{FAE04EC0-301F-11D3-BF4B-00C04F79EFBC}") = "Assembly-CSharp", "Assembly-CSharp.Player.csproj", "{F6DFA9B7-BCF6-A97A-CD6B-94F5402AD43B}"
EndProject
Project("{FAE04EC0-301F-11D3-BF4B-00C04F79EFBC}") = "UnityEngine.TestRunner", "UnityEngine.TestRunner.Player.csproj", "{356EC231-46D5-0574-00BE-865507623FCB}"
EndProject
Project("{FAE04EC0-301F-11D3-BF4B-00C04F79EFBC}") = "Unity.Burst", "Unity.Burst.Player.csproj", "{3DCE602E-22E5-6CD9-37C1-71592E3B2436}"
EndProject
Project("{FAE04EC0-301F-11D3-BF4B-00C04F79EFBC}") = "Unity.XR.Interaction.Toolkit", "Unity.XR.Interaction.Toolkit.Player.csproj", "{216194D2-D4AC-E695-2EF8-6E5E293966C8}"
EndProject
Project("{FAE04EC0-301F-11D3-BF4B-00C04F79EFBC}") = "Unity.XR.ARSubsystems", "Unity.XR.ARSubsystems.Player.csproj", "{9256A6D0-1FC7-F2C2-89D5-1DBFDCB59F01}"
EndProject
Project("{FAE04EC0-301F-11D3-BF4B-00C04F79EFBC}") = "Unity.InputSystem", "Unity.InputSystem.Player.csproj", "{F77CB67E-078F-D554-F6F4-797DEDD34198}"
EndProject
Project("{FAE04EC0-301F-11D3-BF4B-00C04F79EFBC}") = "Unity.XR.CoreUtils", "Unity.XR.CoreUtils.Player.csproj", "{C25A2105-00D7-AB8D-3799-0ED0017AB699}"
EndProject
Project("{FAE04EC0-301F-11D3-BF4B-00C04F79EFBC}") = "Unity.XR.ARCore", "Unity.XR.ARCore.Player.csproj", "{6ABEA9EC-B852-9CBE-A561-7AB844056705}"
EndProject
Project("{FAE04EC0-301F-11D3-BF4B-00C04F79EFBC}") = "Unity.RenderPipelines.Universal.Runtime", "Unity.RenderPipelines.Universal.Runtime.Player.csproj", "{7119A916-71C8-0DF2-D65C-EE6F3CAEC42E}"
EndProject
Project("{FAE04EC0-301F-11D3-BF4B-00C04F79EFBC}") = "NativeFilePicker.Runtime", "NativeFilePicker.Runtime.Player.csproj", "{C7DD8D05-BBA8-8598-2EDB-D799BB5F88DD}"
EndProject
Project("{FAE04EC0-301F-11D3-BF4B-00C04F79EFBC}") = "Unity.XR.ARFoundation", "Unity.XR.ARFoundation.Player.csproj", "{245A875F-2A6F-3FCC-7C3A-53ACF2B8D1EB}"
EndProject
Project("{FAE04EC0-301F-11D3-BF4B-00C04F79EFBC}") = "Unity.PerformanceTesting", "Unity.PerformanceTesting.Player.csproj", "{07526470-69A3-59A9-BF13-6D5618C4FDBB}"
EndProject
Project("{FAE04EC0-301F-11D3-BF4B-00C04F79EFBC}") = "Unity.XR.XREAL", "Unity.XR.XREAL.Player.csproj", "{690F5CE9-C4B1-A3E4-BFD9-11B84256CD18}"
EndProject
Project("{FAE04EC0-301F-11D3-BF4B-00C04F79EFBC}") = "Unity.TextMeshPro", "Unity.TextMeshPro.Player.csproj", "{00E822BF-053E-5DA9-E6C9-4684ABE3E7FD}"
EndProject
Project("{FAE04EC0-301F-11D3-BF4B-00C04F79EFBC}") = "Unity.Rendering.LightTransport.Runtime", "Unity.Rendering.LightTransport.Runtime.Player.csproj", "{DA79CABD-0B51-059F-06BC-95E2D46B200E}"
EndProject
Project("{FAE04EC0-301F-11D3-BF4B-00C04F79EFBC}") = "Unity.XR.ARFoundation.VisualScripting", "Unity.XR.ARFoundation.VisualScripting.Player.csproj", "{575115F9-A933-4FD6-0C84-0BCB41AE34D9}"
EndProject
Project("{FAE04EC0-301F-11D3-BF4B-00C04F79EFBC}") = "Unity.XR.Interaction.Toolkit.Samples.StarterAssets", "Unity.XR.Interaction.Toolkit.Samples.StarterAssets.Player.csproj", "{257C3B34-D9AF-70F9-177D-FEEA66E8967D}"
EndProject
Project("{FAE04EC0-301F-11D3-BF4B-00C04F79EFBC}") = "Unity.Multiplayer.Center.Common", "Unity.Multiplayer.Center.Common.Player.csproj", "{AD47870D-5DAC-A220-FA49-C1283A5A7BE8}"
EndProject
Project("{FAE04EC0-301F-11D3-BF4B-00C04F79EFBC}") = "Unity.InputSystem.ForUI", "Unity.InputSystem.ForUI.Player.csproj", "{F998BFE5-FD1E-6E66-9ADB-7EC2758B3A0B}"
EndProject
Project("{FAE04EC0-301F-11D3-BF4B-00C04F79EFBC}") = "Unity.XR.Management", "Unity.XR.Management.Player.csproj", "{125B2329-4A76-833D-F96A-A4919D8C02E2}"
EndProject
Project("{FAE04EC0-301F-11D3-BF4B-00C04F79EFBC}") = "Unity.Tutorials.Core", "Unity.Tutorials.Core.Player.csproj", "{CEE13137-5AAD-7B90-38AF-0A4C7B83AEF9}"
EndProject
Project("{FAE04EC0-301F-11D3-BF4B-00C04F79EFBC}") = "Unity.XR.Interaction.Toolkit.Samples.ARStarterAssets", "Unity.XR.Interaction.Toolkit.Samples.ARStarterAssets.Player.csproj", "{08FB06FB-3E28-C122-973B-39309ECCB2A1}"
EndProject
Project("{FAE04EC0-301F-11D3-BF4B-00C04F79EFBC}") = "Unity.InputSystem.TestFramework", "Unity.InputSystem.TestFramework.Player.csproj", "{E550CFC2-4E4F-4E85-3ECE-3F791B4976CE}"
EndProject
Project("{FAE04EC0-301F-11D3-BF4B-00C04F79EFBC}") = "Unity.XR.ARFoundation.InternalUtils", "Unity.XR.ARFoundation.InternalUtils.Player.csproj", "{C4523E57-7C02-AC4D-DDD0-8E2B6EA2566E}"
EndProject
Project("{FAE04EC0-301F-11D3-BF4B-00C04F79EFBC}") = "Unity.RenderPipeline.Universal.ShaderLibrary", "Unity.RenderPipeline.Universal.ShaderLibrary.Player.csproj", "{571D0574-CD8F-FDE2-D882-EDA1D79345F8}"
EndProject
Project("{FAE04EC0-301F-11D3-BF4B-00C04F79EFBC}") = "UnityEngine.SpatialTracking", "UnityEngine.SpatialTracking.Player.csproj", "{3F80A833-CAF3-1AC5-0ACF-15B6BA3FBA20}"
EndProject
Project("{FAE04EC0-301F-11D3-BF4B-00C04F79EFBC}") = "UnityEngine.XR.LegacyInputHelpers", "UnityEngine.XR.LegacyInputHelpers.Player.csproj", "{ADFB71F6-B0D1-BDC3-8C8D-3BD981B03945}"
EndProject
Project("{FAE04EC0-301F-11D3-BF4B-00C04F79EFBC}") = "Unity.RenderPipelines.Universal.Shaders", "Unity.RenderPipelines.Universal.Shaders.Player.csproj", "{C1D354F4-4A7C-423A-B95F-C28E3096EA02}"
EndProject
Project("{FAE04EC0-301F-11D3-BF4B-00C04F79EFBC}") = "Unity.RenderPipelines.Core.Runtime.Shared", "Unity.RenderPipelines.Core.Runtime.Shared.Player.csproj", "{87581BDA-71CA-134A-614C-99697E13A6D6}"
EndProject
Project("{FAE04EC0-301F-11D3-BF4B-00C04F79EFBC}") = "Unity.RenderPipelines.Universal.Config.Runtime", "Unity.RenderPipelines.Universal.Config.Runtime.Player.csproj", "{F3A4264A-1AC6-C6F7-57FC-C5E81F8BA0BD}"
EndProject
Project("{FAE04EC0-301F-11D3-BF4B-00C04F79EFBC}") = "Unity.RenderPipelines.ShaderGraph.ShaderGraphLibrary", "Unity.RenderPipelines.ShaderGraph.ShaderGraphLibrary.Player.csproj", "{344EBD90-C518-BC88-5EBA-C5F15F62E76D}"
EndProject
Project("{FAE04EC0-301F-11D3-BF4B-00C04F79EFBC}") = "Unity.RenderPipelines.Core.ShaderLibrary", "Unity.RenderPipelines.Core.ShaderLibrary.Player.csproj", "{C0A82040-B184-9299-213E-9CF318C17079}"
EndProject
Global
	GlobalSection(SolutionConfigurationPlatforms) = preSolution
		Debug|Any CPU = Debug|Any CPU
		Release|Any CPU = Release|Any CPU
	EndGlobalSection
	GlobalSection(ProjectConfigurationPlatforms) = postSolution
		{D72906D9-5A1A-A7B1-12FE-4C4A3DC7915E}.Debug|Any CPU.ActiveCfg = Debug|Any CPU
		{D72906D9-5A1A-A7B1-12FE-4C4A3DC7915E}.Debug|Any CPU.Build.0 = Debug|Any CPU
		{D72906D9-5A1A-A7B1-12FE-4C4A3DC7915E}.Release|Any CPU.ActiveCfg = Release|Any CPU
		{D72906D9-5A1A-A7B1-12FE-4C4A3DC7915E}.Release|Any CPU.Build.0 = Release|Any CPU
		{D85BBBF9-379C-A5DE-E573-9C6A85B68AAF}.Debug|Any CPU.ActiveCfg = Debug|Any CPU
		{D85BBBF9-379C-A5DE-E573-9C6A85B68AAF}.Debug|Any CPU.Build.0 = Debug|Any CPU
		{D85BBBF9-379C-A5DE-E573-9C6A85B68AAF}.Release|Any CPU.ActiveCfg = Release|Any CPU
		{D85BBBF9-379C-A5DE-E573-9C6A85B68AAF}.Release|Any CPU.Build.0 = Release|Any CPU
		{CD3D5B77-BCB8-9A8B-698E-5064FFB739C9}.Debug|Any CPU.ActiveCfg = Debug|Any CPU
		{CD3D5B77-BCB8-9A8B-698E-5064FFB739C9}.Debug|Any CPU.Build.0 = Debug|Any CPU
		{CD3D5B77-BCB8-9A8B-698E-5064FFB739C9}.Release|Any CPU.ActiveCfg = Release|Any CPU
		{CD3D5B77-BCB8-9A8B-698E-5064FFB739C9}.Release|Any CPU.Build.0 = Release|Any CPU
		{0E37C336-159C-D28E-90B2-A84475346FC0}.Debug|Any CPU.ActiveCfg = Debug|Any CPU
		{0E37C336-159C-D28E-90B2-A84475346FC0}.Debug|Any CPU.Build.0 = Debug|Any CPU
		{0E37C336-159C-D28E-90B2-A84475346FC0}.Release|Any CPU.ActiveCfg = Release|Any CPU
		{0E37C336-159C-D28E-90B2-A84475346FC0}.Release|Any CPU.Build.0 = Release|Any CPU
		{87CE6007-549E-8438-9E73-F2D4D99F9421}.Debug|Any CPU.ActiveCfg = Debug|Any CPU
		{87CE6007-549E-8438-9E73-F2D4D99F9421}.Debug|Any CPU.Build.0 = Debug|Any CPU
		{87CE6007-549E-8438-9E73-F2D4D99F9421}.Release|Any CPU.ActiveCfg = Release|Any CPU
		{87CE6007-549E-8438-9E73-F2D4D99F9421}.Release|Any CPU.Build.0 = Release|Any CPU
		{46523621-6670-DDF9-C04C-1EEE759F643A}.Debug|Any CPU.ActiveCfg = Debug|Any CPU
		{46523621-6670-DDF9-C04C-1EEE759F643A}.Debug|Any CPU.Build.0 = Debug|Any CPU
		{46523621-6670-DDF9-C04C-1EEE759F643A}.Release|Any CPU.ActiveCfg = Release|Any CPU
		{46523621-6670-DDF9-C04C-1EEE759F643A}.Release|Any CPU.Build.0 = Release|Any CPU
		{2D7333F3-CACA-1FEC-A27F-C412D423A83C}.Debug|Any CPU.ActiveCfg = Debug|Any CPU
		{2D7333F3-CACA-1FEC-A27F-C412D423A83C}.Debug|Any CPU.Build.0 = Debug|Any CPU
		{2D7333F3-CACA-1FEC-A27F-C412D423A83C}.Release|Any CPU.ActiveCfg = Release|Any CPU
		{2D7333F3-CACA-1FEC-A27F-C412D423A83C}.Release|Any CPU.Build.0 = Release|Any CPU
		{9B0E06EF-2D5E-881A-4811-976087195B37}.Debug|Any CPU.ActiveCfg = Debug|Any CPU
		{9B0E06EF-2D5E-881A-4811-976087195B37}.Debug|Any CPU.Build.0 = Debug|Any CPU
		{9B0E06EF-2D5E-881A-4811-976087195B37}.Release|Any CPU.ActiveCfg = Release|Any CPU
		{9B0E06EF-2D5E-881A-4811-976087195B37}.Release|Any CPU.Build.0 = Release|Any CPU
		{48E5D9B5-56CE-C5A5-EBF2-5E3F162EDF06}.Debug|Any CPU.ActiveCfg = Debug|Any CPU
		{48E5D9B5-56CE-C5A5-EBF2-5E3F162EDF06}.Debug|Any CPU.Build.0 = Debug|Any CPU
		{48E5D9B5-56CE-C5A5-EBF2-5E3F162EDF06}.Release|Any CPU.ActiveCfg = Release|Any CPU
		{48E5D9B5-56CE-C5A5-EBF2-5E3F162EDF06}.Release|Any CPU.Build.0 = Release|Any CPU
		{791E8EBD-2F01-2BBF-8584-E1A623778D87}.Debug|Any CPU.ActiveCfg = Debug|Any CPU
		{791E8EBD-2F01-2BBF-8584-E1A623778D87}.Debug|Any CPU.Build.0 = Debug|Any CPU
		{791E8EBD-2F01-2BBF-8584-E1A623778D87}.Release|Any CPU.ActiveCfg = Release|Any CPU
		{791E8EBD-2F01-2BBF-8584-E1A623778D87}.Release|Any CPU.Build.0 = Release|Any CPU
		{47873963-81AD-426A-3D8E-2500B4799187}.Debug|Any CPU.ActiveCfg = Debug|Any CPU
		{47873963-81AD-426A-3D8E-2500B4799187}.Debug|Any CPU.Build.0 = Debug|Any CPU
		{47873963-81AD-426A-3D8E-2500B4799187}.Release|Any CPU.ActiveCfg = Release|Any CPU
		{47873963-81AD-426A-3D8E-2500B4799187}.Release|Any CPU.Build.0 = Release|Any CPU
		{E7EA8D90-5478-31B7-7939-2E1F8E6A97E8}.Debug|Any CPU.ActiveCfg = Debug|Any CPU
		{E7EA8D90-5478-31B7-7939-2E1F8E6A97E8}.Debug|Any CPU.Build.0 = Debug|Any CPU
		{E7EA8D90-5478-31B7-7939-2E1F8E6A97E8}.Release|Any CPU.ActiveCfg = Release|Any CPU
		{E7EA8D90-5478-31B7-7939-2E1F8E6A97E8}.Release|Any CPU.Build.0 = Release|Any CPU
		{DEDB3507-5D29-DBDA-6870-5A05061D3F31}.Debug|Any CPU.ActiveCfg = Debug|Any CPU
		{DEDB3507-5D29-DBDA-6870-5A05061D3F31}.Debug|Any CPU.Build.0 = Debug|Any CPU
		{DEDB3507-5D29-DBDA-6870-5A05061D3F31}.Release|Any CPU.ActiveCfg = Release|Any CPU
		{DEDB3507-5D29-DBDA-6870-5A05061D3F31}.Release|Any CPU.Build.0 = Release|Any CPU
		{62B1494B-EED3-47F0-FD3F-526921381637}.Debug|Any CPU.ActiveCfg = Debug|Any CPU
		{62B1494B-EED3-47F0-FD3F-526921381637}.Debug|Any CPU.Build.0 = Debug|Any CPU
		{62B1494B-EED3-47F0-FD3F-526921381637}.Release|Any CPU.ActiveCfg = Release|Any CPU
		{62B1494B-EED3-47F0-FD3F-526921381637}.Release|Any CPU.Build.0 = Release|Any CPU
		{90A675D4-248E-811B-C427-741C2C39325F}.Debug|Any CPU.ActiveCfg = Debug|Any CPU
		{90A675D4-248E-811B-C427-741C2C39325F}.Debug|Any CPU.Build.0 = Debug|Any CPU
		{90A675D4-248E-811B-C427-741C2C39325F}.Release|Any CPU.ActiveCfg = Release|Any CPU
		{90A675D4-248E-811B-C427-741C2C39325F}.Release|Any CPU.Build.0 = Release|Any CPU
		{C29F9DF5-6854-61C4-896F-627FBDB28036}.Debug|Any CPU.ActiveCfg = Debug|Any CPU
		{C29F9DF5-6854-61C4-896F-627FBDB28036}.Debug|Any CPU.Build.0 = Debug|Any CPU
		{C29F9DF5-6854-61C4-896F-627FBDB28036}.Release|Any CPU.ActiveCfg = Release|Any CPU
		{C29F9DF5-6854-61C4-896F-627FBDB28036}.Release|Any CPU.Build.0 = Release|Any CPU
		{AAC65378-1BA7-F730-B247-7CF1AD310CFB}.Debug|Any CPU.ActiveCfg = Debug|Any CPU
		{AAC65378-1BA7-F730-B247-7CF1AD310CFB}.Debug|Any CPU.Build.0 = Debug|Any CPU
		{AAC65378-1BA7-F730-B247-7CF1AD310CFB}.Release|Any CPU.ActiveCfg = Release|Any CPU
		{AAC65378-1BA7-F730-B247-7CF1AD310CFB}.Release|Any CPU.Build.0 = Release|Any CPU
		{16F1168A-C857-6F1B-6E55-467125A5C647}.Debug|Any CPU.ActiveCfg = Debug|Any CPU
		{16F1168A-C857-6F1B-6E55-467125A5C647}.Debug|Any CPU.Build.0 = Debug|Any CPU
		{16F1168A-C857-6F1B-6E55-467125A5C647}.Release|Any CPU.ActiveCfg = Release|Any CPU
		{16F1168A-C857-6F1B-6E55-467125A5C647}.Release|Any CPU.Build.0 = Release|Any CPU
		{A655CE9C-24E9-8D93-83F8-645E67A2ED0E}.Debug|Any CPU.ActiveCfg = Debug|Any CPU
		{A655CE9C-24E9-8D93-83F8-645E67A2ED0E}.Debug|Any CPU.Build.0 = Debug|Any CPU
		{A655CE9C-24E9-8D93-83F8-645E67A2ED0E}.Release|Any CPU.ActiveCfg = Release|Any CPU
		{A655CE9C-24E9-8D93-83F8-645E67A2ED0E}.Release|Any CPU.Build.0 = Release|Any CPU
		{89E06DE3-70E9-3BC0-5E43-E181518EBD83}.Debug|Any CPU.ActiveCfg = Debug|Any CPU
		{89E06DE3-70E9-3BC0-5E43-E181518EBD83}.Debug|Any CPU.Build.0 = Debug|Any CPU
		{89E06DE3-70E9-3BC0-5E43-E181518EBD83}.Release|Any CPU.ActiveCfg = Release|Any CPU
		{89E06DE3-70E9-3BC0-5E43-E181518EBD83}.Release|Any CPU.Build.0 = Release|Any CPU
		{DFF3F5D2-D03D-D421-AD1C-A04C1162A1E0}.Debug|Any CPU.ActiveCfg = Debug|Any CPU
		{DFF3F5D2-D03D-D421-AD1C-A04C1162A1E0}.Debug|Any CPU.Build.0 = Debug|Any CPU
		{DFF3F5D2-D03D-D421-AD1C-A04C1162A1E0}.Release|Any CPU.ActiveCfg = Release|Any CPU
		{DFF3F5D2-D03D-D421-AD1C-A04C1162A1E0}.Release|Any CPU.Build.0 = Release|Any CPU
		{3465DF15-72DD-2F12-9B62-C5A31C95E6B5}.Debug|Any CPU.ActiveCfg = Debug|Any CPU
		{3465DF15-72DD-2F12-9B62-C5A31C95E6B5}.Debug|Any CPU.Build.0 = Debug|Any CPU
		{3465DF15-72DD-2F12-9B62-C5A31C95E6B5}.Release|Any CPU.ActiveCfg = Release|Any CPU
		{3465DF15-72DD-2F12-9B62-C5A31C95E6B5}.Release|Any CPU.Build.0 = Release|Any CPU
		{4E7CEB04-B70D-8C72-6359-23009186B685}.Debug|Any CPU.ActiveCfg = Debug|Any CPU
		{4E7CEB04-B70D-8C72-6359-23009186B685}.Debug|Any CPU.Build.0 = Debug|Any CPU
		{4E7CEB04-B70D-8C72-6359-23009186B685}.Release|Any CPU.ActiveCfg = Release|Any CPU
		{4E7CEB04-B70D-8C72-6359-23009186B685}.Release|Any CPU.Build.0 = Release|Any CPU
		{3C779C73-A5BE-7CBC-E262-A19360490688}.Debug|Any CPU.ActiveCfg = Debug|Any CPU
		{3C779C73-A5BE-7CBC-E262-A19360490688}.Debug|Any CPU.Build.0 = Debug|Any CPU
		{3C779C73-A5BE-7CBC-E262-A19360490688}.Release|Any CPU.ActiveCfg = Release|Any CPU
		{3C779C73-A5BE-7CBC-E262-A19360490688}.Release|Any CPU.Build.0 = Release|Any CPU
		{A4550170-BEB9-BC70-C1D0-05BCBE02FFBC}.Debug|Any CPU.ActiveCfg = Debug|Any CPU
		{A4550170-BEB9-BC70-C1D0-05BCBE02FFBC}.Debug|Any CPU.Build.0 = Debug|Any CPU
		{A4550170-BEB9-BC70-C1D0-05BCBE02FFBC}.Release|Any CPU.ActiveCfg = Release|Any CPU
		{A4550170-BEB9-BC70-C1D0-05BCBE02FFBC}.Release|Any CPU.Build.0 = Release|Any CPU
		{46ECF272-3F6E-099B-52D7-FD49697ADAD4}.Debug|Any CPU.ActiveCfg = Debug|Any CPU
		{46ECF272-3F6E-099B-52D7-FD49697ADAD4}.Debug|Any CPU.Build.0 = Debug|Any CPU
		{46ECF272-3F6E-099B-52D7-FD49697ADAD4}.Release|Any CPU.ActiveCfg = Release|Any CPU
		{46ECF272-3F6E-099B-52D7-FD49697ADAD4}.Release|Any CPU.Build.0 = Release|Any CPU
		{F52D6490-9AD4-DBA3-AB51-FA41888880C1}.Debug|Any CPU.ActiveCfg = Debug|Any CPU
		{F52D6490-9AD4-DBA3-AB51-FA41888880C1}.Debug|Any CPU.Build.0 = Debug|Any CPU
		{F52D6490-9AD4-DBA3-AB51-FA41888880C1}.Release|Any CPU.ActiveCfg = Release|Any CPU
		{F52D6490-9AD4-DBA3-AB51-FA41888880C1}.Release|Any CPU.Build.0 = Release|Any CPU
		{D16606CF-3F94-95EF-E3F1-6D076F7FD87C}.Debug|Any CPU.ActiveCfg = Debug|Any CPU
		{D16606CF-3F94-95EF-E3F1-6D076F7FD87C}.Debug|Any CPU.Build.0 = Debug|Any CPU
		{D16606CF-3F94-95EF-E3F1-6D076F7FD87C}.Release|Any CPU.ActiveCfg = Release|Any CPU
		{D16606CF-3F94-95EF-E3F1-6D076F7FD87C}.Release|Any CPU.Build.0 = Release|Any CPU
		{9E29ED7B-8817-85A6-ECAB-E66B4F5C1D88}.Debug|Any CPU.ActiveCfg = Debug|Any CPU
		{9E29ED7B-8817-85A6-ECAB-E66B4F5C1D88}.Debug|Any CPU.Build.0 = Debug|Any CPU
		{9E29ED7B-8817-85A6-ECAB-E66B4F5C1D88}.Release|Any CPU.ActiveCfg = Release|Any CPU
		{9E29ED7B-8817-85A6-ECAB-E66B4F5C1D88}.Release|Any CPU.Build.0 = Release|Any CPU
		{CB46B6BD-78E4-5FE0-6449-710A3215419A}.Debug|Any CPU.ActiveCfg = Debug|Any CPU
		{CB46B6BD-78E4-5FE0-6449-710A3215419A}.Debug|Any CPU.Build.0 = Debug|Any CPU
		{CB46B6BD-78E4-5FE0-6449-710A3215419A}.Release|Any CPU.ActiveCfg = Release|Any CPU
		{CB46B6BD-78E4-5FE0-6449-710A3215419A}.Release|Any CPU.Build.0 = Release|Any CPU
		{82030CF9-7577-F9AB-07C9-ED2BCFA60A9D}.Debug|Any CPU.ActiveCfg = Debug|Any CPU
		{82030CF9-7577-F9AB-07C9-ED2BCFA60A9D}.Debug|Any CPU.Build.0 = Debug|Any CPU
		{82030CF9-7577-F9AB-07C9-ED2BCFA60A9D}.Release|Any CPU.ActiveCfg = Release|Any CPU
		{82030CF9-7577-F9AB-07C9-ED2BCFA60A9D}.Release|Any CPU.Build.0 = Release|Any CPU
		{BCC8BD89-8555-FA57-0040-CD5B538C0DA7}.Debug|Any CPU.ActiveCfg = Debug|Any CPU
		{BCC8BD89-8555-FA57-0040-CD5B538C0DA7}.Debug|Any CPU.Build.0 = Debug|Any CPU
		{BCC8BD89-8555-FA57-0040-CD5B538C0DA7}.Release|Any CPU.ActiveCfg = Release|Any CPU
		{BCC8BD89-8555-FA57-0040-CD5B538C0DA7}.Release|Any CPU.Build.0 = Release|Any CPU
		{03F51627-7687-4044-7151-E6FB2A6E00D5}.Debug|Any CPU.ActiveCfg = Debug|Any CPU
		{03F51627-7687-4044-7151-E6FB2A6E00D5}.Debug|Any CPU.Build.0 = Debug|Any CPU
		{03F51627-7687-4044-7151-E6FB2A6E00D5}.Release|Any CPU.ActiveCfg = Release|Any CPU
		{03F51627-7687-4044-7151-E6FB2A6E00D5}.Release|Any CPU.Build.0 = Release|Any CPU
		{78945F08-EF17-3F39-0485-75DF6670B09A}.Debug|Any CPU.ActiveCfg = Debug|Any CPU
		{78945F08-EF17-3F39-0485-75DF6670B09A}.Debug|Any CPU.Build.0 = Debug|Any CPU
		{78945F08-EF17-3F39-0485-75DF6670B09A}.Release|Any CPU.ActiveCfg = Release|Any CPU
		{78945F08-EF17-3F39-0485-75DF6670B09A}.Release|Any CPU.Build.0 = Release|Any CPU
		{E42D3C9D-C58C-3136-D1C9-CF27A776ED52}.Debug|Any CPU.ActiveCfg = Debug|Any CPU
		{E42D3C9D-C58C-3136-D1C9-CF27A776ED52}.Debug|Any CPU.Build.0 = Debug|Any CPU
		{E42D3C9D-C58C-3136-D1C9-CF27A776ED52}.Release|Any CPU.ActiveCfg = Release|Any CPU
		{E42D3C9D-C58C-3136-D1C9-CF27A776ED52}.Release|Any CPU.Build.0 = Release|Any CPU
		{76336739-390A-40B7-FCC3-F7676C397709}.Debug|Any CPU.ActiveCfg = Debug|Any CPU
		{76336739-390A-40B7-FCC3-F7676C397709}.Debug|Any CPU.Build.0 = Debug|Any CPU
		{76336739-390A-40B7-FCC3-F7676C397709}.Release|Any CPU.ActiveCfg = Release|Any CPU
		{76336739-390A-40B7-FCC3-F7676C397709}.Release|Any CPU.Build.0 = Release|Any CPU
		{6B602359-2D44-BC4B-CF9D-FBD5D3D3F245}.Debug|Any CPU.ActiveCfg = Debug|Any CPU
		{6B602359-2D44-BC4B-CF9D-FBD5D3D3F245}.Debug|Any CPU.Build.0 = Debug|Any CPU
		{6B602359-2D44-BC4B-CF9D-FBD5D3D3F245}.Release|Any CPU.ActiveCfg = Release|Any CPU
		{6B602359-2D44-BC4B-CF9D-FBD5D3D3F245}.Release|Any CPU.Build.0 = Release|Any CPU
		{93DFF644-286E-4245-3033-6CB4F1B861DD}.Debug|Any CPU.ActiveCfg = Debug|Any CPU
		{93DFF644-286E-4245-3033-6CB4F1B861DD}.Debug|Any CPU.Build.0 = Debug|Any CPU
		{93DFF644-286E-4245-3033-6CB4F1B861DD}.Release|Any CPU.ActiveCfg = Release|Any CPU
		{93DFF644-286E-4245-3033-6CB4F1B861DD}.Release|Any CPU.Build.0 = Release|Any CPU
		{E6941BD7-80FA-C96B-4C8C-6964EA565E71}.Debug|Any CPU.ActiveCfg = Debug|Any CPU
		{E6941BD7-80FA-C96B-4C8C-6964EA565E71}.Debug|Any CPU.Build.0 = Debug|Any CPU
		{E6941BD7-80FA-C96B-4C8C-6964EA565E71}.Release|Any CPU.ActiveCfg = Release|Any CPU
		{E6941BD7-80FA-C96B-4C8C-6964EA565E71}.Release|Any CPU.Build.0 = Release|Any CPU
		{6EAED416-9F56-C3FB-7A1A-A4612E4F1E3C}.Debug|Any CPU.ActiveCfg = Debug|Any CPU
		{6EAED416-9F56-C3FB-7A1A-A4612E4F1E3C}.Debug|Any CPU.Build.0 = Debug|Any CPU
		{6EAED416-9F56-C3FB-7A1A-A4612E4F1E3C}.Release|Any CPU.ActiveCfg = Release|Any CPU
		{6EAED416-9F56-C3FB-7A1A-A4612E4F1E3C}.Release|Any CPU.Build.0 = Release|Any CPU
		{B054A37D-995F-07B0-3802-1D93D78BD3D1}.Debug|Any CPU.ActiveCfg = Debug|Any CPU
		{B054A37D-995F-07B0-3802-1D93D78BD3D1}.Debug|Any CPU.Build.0 = Debug|Any CPU
		{B054A37D-995F-07B0-3802-1D93D78BD3D1}.Release|Any CPU.ActiveCfg = Release|Any CPU
		{B054A37D-995F-07B0-3802-1D93D78BD3D1}.Release|Any CPU.Build.0 = Release|Any CPU
		{C207F260-0D4D-CDC7-6DC0-904C62A9C8B5}.Debug|Any CPU.ActiveCfg = Debug|Any CPU
		{C207F260-0D4D-CDC7-6DC0-904C62A9C8B5}.Debug|Any CPU.Build.0 = Debug|Any CPU
		{C207F260-0D4D-CDC7-6DC0-904C62A9C8B5}.Release|Any CPU.ActiveCfg = Release|Any CPU
		{C207F260-0D4D-CDC7-6DC0-904C62A9C8B5}.Release|Any CPU.Build.0 = Release|Any CPU
		{CDF57E3B-4C66-8329-73A3-1441CAC402C2}.Debug|Any CPU.ActiveCfg = Debug|Any CPU
		{CDF57E3B-4C66-8329-73A3-1441CAC402C2}.Debug|Any CPU.Build.0 = Debug|Any CPU
		{CDF57E3B-4C66-8329-73A3-1441CAC402C2}.Release|Any CPU.ActiveCfg = Release|Any CPU
		{CDF57E3B-4C66-8329-73A3-1441CAC402C2}.Release|Any CPU.Build.0 = Release|Any CPU
		{97E79BC9-41A5-C50B-D3D1-AAB588C5CF3C}.Debug|Any CPU.ActiveCfg = Debug|Any CPU
		{97E79BC9-41A5-C50B-D3D1-AAB588C5CF3C}.Debug|Any CPU.Build.0 = Debug|Any CPU
		{97E79BC9-41A5-C50B-D3D1-AAB588C5CF3C}.Release|Any CPU.ActiveCfg = Release|Any CPU
		{97E79BC9-41A5-C50B-D3D1-AAB588C5CF3C}.Release|Any CPU.Build.0 = Release|Any CPU
		{B9B97990-051D-77EF-368C-582F7C100294}.Debug|Any CPU.ActiveCfg = Debug|Any CPU
		{B9B97990-051D-77EF-368C-582F7C100294}.Debug|Any CPU.Build.0 = Debug|Any CPU
		{B9B97990-051D-77EF-368C-582F7C100294}.Release|Any CPU.ActiveCfg = Release|Any CPU
		{B9B97990-051D-77EF-368C-582F7C100294}.Release|Any CPU.Build.0 = Release|Any CPU
		{BA3F56BA-DF1F-84F0-8B82-E319DE038057}.Debug|Any CPU.ActiveCfg = Debug|Any CPU
		{BA3F56BA-DF1F-84F0-8B82-E319DE038057}.Debug|Any CPU.Build.0 = Debug|Any CPU
		{BA3F56BA-DF1F-84F0-8B82-E319DE038057}.Release|Any CPU.ActiveCfg = Release|Any CPU
		{BA3F56BA-DF1F-84F0-8B82-E319DE038057}.Release|Any CPU.Build.0 = Release|Any CPU
		{D5153585-A218-ED13-6377-D35F9360B926}.Debug|Any CPU.ActiveCfg = Debug|Any CPU
		{D5153585-A218-ED13-6377-D35F9360B926}.Debug|Any CPU.Build.0 = Debug|Any CPU
		{D5153585-A218-ED13-6377-D35F9360B926}.Release|Any CPU.ActiveCfg = Release|Any CPU
		{D5153585-A218-ED13-6377-D35F9360B926}.Release|Any CPU.Build.0 = Release|Any CPU
		{B522F0EE-DE5D-E248-5D6A-1F2D0908168A}.Debug|Any CPU.ActiveCfg = Debug|Any CPU
		{B522F0EE-DE5D-E248-5D6A-1F2D0908168A}.Debug|Any CPU.Build.0 = Debug|Any CPU
		{B522F0EE-DE5D-E248-5D6A-1F2D0908168A}.Release|Any CPU.ActiveCfg = Release|Any CPU
		{B522F0EE-DE5D-E248-5D6A-1F2D0908168A}.Release|Any CPU.Build.0 = Release|Any CPU
		{ACFB86DB-C965-9CA3-BEE9-1E14D50BE581}.Debug|Any CPU.ActiveCfg = Debug|Any CPU
		{ACFB86DB-C965-9CA3-BEE9-1E14D50BE581}.Debug|Any CPU.Build.0 = Debug|Any CPU
		{ACFB86DB-C965-9CA3-BEE9-1E14D50BE581}.Release|Any CPU.ActiveCfg = Release|Any CPU
		{ACFB86DB-C965-9CA3-BEE9-1E14D50BE581}.Release|Any CPU.Build.0 = Release|Any CPU
		{D0C5D8FD-DFDC-B220-3971-860BD3110F06}.Debug|Any CPU.ActiveCfg = Debug|Any CPU
		{D0C5D8FD-DFDC-B220-3971-860BD3110F06}.Debug|Any CPU.Build.0 = Debug|Any CPU
		{D0C5D8FD-DFDC-B220-3971-860BD3110F06}.Release|Any CPU.ActiveCfg = Release|Any CPU
		{D0C5D8FD-DFDC-B220-3971-860BD3110F06}.Release|Any CPU.Build.0 = Release|Any CPU
		{01ED1059-FF02-E052-88D7-37CB878D1B52}.Debug|Any CPU.ActiveCfg = Debug|Any CPU
		{01ED1059-FF02-E052-88D7-37CB878D1B52}.Debug|Any CPU.Build.0 = Debug|Any CPU
		{01ED1059-FF02-E052-88D7-37CB878D1B52}.Release|Any CPU.ActiveCfg = Release|Any CPU
		{01ED1059-FF02-E052-88D7-37CB878D1B52}.Release|Any CPU.Build.0 = Release|Any CPU
		{4F6EC23C-6102-CE3A-5387-FF1EC06B50A4}.Debug|Any CPU.ActiveCfg = Debug|Any CPU
		{4F6EC23C-6102-CE3A-5387-FF1EC06B50A4}.Debug|Any CPU.Build.0 = Debug|Any CPU
		{4F6EC23C-6102-CE3A-5387-FF1EC06B50A4}.Release|Any CPU.ActiveCfg = Release|Any CPU
		{4F6EC23C-6102-CE3A-5387-FF1EC06B50A4}.Release|Any CPU.Build.0 = Release|Any CPU
		{58B07B4F-909A-D3E6-4F30-AD882977B662}.Debug|Any CPU.ActiveCfg = Debug|Any CPU
		{58B07B4F-909A-D3E6-4F30-AD882977B662}.Debug|Any CPU.Build.0 = Debug|Any CPU
		{58B07B4F-909A-D3E6-4F30-AD882977B662}.Release|Any CPU.ActiveCfg = Release|Any CPU
		{58B07B4F-909A-D3E6-4F30-AD882977B662}.Release|Any CPU.Build.0 = Release|Any CPU
		{6AC594EE-F775-699C-8590-8504A059F768}.Debug|Any CPU.ActiveCfg = Debug|Any CPU
		{6AC594EE-F775-699C-8590-8504A059F768}.Debug|Any CPU.Build.0 = Debug|Any CPU
		{6AC594EE-F775-699C-8590-8504A059F768}.Release|Any CPU.ActiveCfg = Release|Any CPU
		{6AC594EE-F775-699C-8590-8504A059F768}.Release|Any CPU.Build.0 = Release|Any CPU
		{73F86254-B852-78CC-0118-CF8C9E051491}.Debug|Any CPU.ActiveCfg = Debug|Any CPU
		{73F86254-B852-78CC-0118-CF8C9E051491}.Debug|Any CPU.Build.0 = Debug|Any CPU
		{73F86254-B852-78CC-0118-CF8C9E051491}.Release|Any CPU.ActiveCfg = Release|Any CPU
		{73F86254-B852-78CC-0118-CF8C9E051491}.Release|Any CPU.Build.0 = Release|Any CPU
		{474832BD-8E36-2A54-8FF9-2A7DC894065F}.Debug|Any CPU.ActiveCfg = Debug|Any CPU
		{474832BD-8E36-2A54-8FF9-2A7DC894065F}.Debug|Any CPU.Build.0 = Debug|Any CPU
		{474832BD-8E36-2A54-8FF9-2A7DC894065F}.Release|Any CPU.ActiveCfg = Release|Any CPU
		{474832BD-8E36-2A54-8FF9-2A7DC894065F}.Release|Any CPU.Build.0 = Release|Any CPU
		{5A38C553-BE8B-4AA4-1ABF-2A17FCD07719}.Debug|Any CPU.ActiveCfg = Debug|Any CPU
		{5A38C553-BE8B-4AA4-1ABF-2A17FCD07719}.Debug|Any CPU.Build.0 = Debug|Any CPU
		{5A38C553-BE8B-4AA4-1ABF-2A17FCD07719}.Release|Any CPU.ActiveCfg = Release|Any CPU
		{5A38C553-BE8B-4AA4-1ABF-2A17FCD07719}.Release|Any CPU.Build.0 = Release|Any CPU
		{BDB49788-A468-2958-EE9D-9677323597B7}.Debug|Any CPU.ActiveCfg = Debug|Any CPU
		{BDB49788-A468-2958-EE9D-9677323597B7}.Debug|Any CPU.Build.0 = Debug|Any CPU
		{BDB49788-A468-2958-EE9D-9677323597B7}.Release|Any CPU.ActiveCfg = Release|Any CPU
		{BDB49788-A468-2958-EE9D-9677323597B7}.Release|Any CPU.Build.0 = Release|Any CPU
		{34AD99B8-929F-E307-9137-25EEC8844848}.Debug|Any CPU.ActiveCfg = Debug|Any CPU
		{34AD99B8-929F-E307-9137-25EEC8844848}.Debug|Any CPU.Build.0 = Debug|Any CPU
		{34AD99B8-929F-E307-9137-25EEC8844848}.Release|Any CPU.ActiveCfg = Release|Any CPU
		{34AD99B8-929F-E307-9137-25EEC8844848}.Release|Any CPU.Build.0 = Release|Any CPU
		{4550AA26-4252-6CBC-7E80-9A247BD52042}.Debug|Any CPU.ActiveCfg = Debug|Any CPU
		{4550AA26-4252-6CBC-7E80-9A247BD52042}.Debug|Any CPU.Build.0 = Debug|Any CPU
		{4550AA26-4252-6CBC-7E80-9A247BD52042}.Release|Any CPU.ActiveCfg = Release|Any CPU
		{4550AA26-4252-6CBC-7E80-9A247BD52042}.Release|Any CPU.Build.0 = Release|Any CPU
		{38AF500B-827F-3265-5E94-7E0EA9C060EE}.Debug|Any CPU.ActiveCfg = Debug|Any CPU
		{38AF500B-827F-3265-5E94-7E0EA9C060EE}.Debug|Any CPU.Build.0 = Debug|Any CPU
		{38AF500B-827F-3265-5E94-7E0EA9C060EE}.Release|Any CPU.ActiveCfg = Release|Any CPU
		{38AF500B-827F-3265-5E94-7E0EA9C060EE}.Release|Any CPU.Build.0 = Release|Any CPU
		{ED54B799-A74A-5B77-A236-2CE637B35FE3}.Debug|Any CPU.ActiveCfg = Debug|Any CPU
		{ED54B799-A74A-5B77-A236-2CE637B35FE3}.Debug|Any CPU.Build.0 = Debug|Any CPU
		{ED54B799-A74A-5B77-A236-2CE637B35FE3}.Release|Any CPU.ActiveCfg = Release|Any CPU
		{ED54B799-A74A-5B77-A236-2CE637B35FE3}.Release|Any CPU.Build.0 = Release|Any CPU
		{48BC8806-B2F6-F2A3-D864-9CC23D290A77}.Debug|Any CPU.ActiveCfg = Debug|Any CPU
		{48BC8806-B2F6-F2A3-D864-9CC23D290A77}.Debug|Any CPU.Build.0 = Debug|Any CPU
		{48BC8806-B2F6-F2A3-D864-9CC23D290A77}.Release|Any CPU.ActiveCfg = Release|Any CPU
		{48BC8806-B2F6-F2A3-D864-9CC23D290A77}.Release|Any CPU.Build.0 = Release|Any CPU
		{D23B98E8-5DB6-A9F6-76A0-1B7081242002}.Debug|Any CPU.ActiveCfg = Debug|Any CPU
		{D23B98E8-5DB6-A9F6-76A0-1B7081242002}.Debug|Any CPU.Build.0 = Debug|Any CPU
		{D23B98E8-5DB6-A9F6-76A0-1B7081242002}.Release|Any CPU.ActiveCfg = Release|Any CPU
		{D23B98E8-5DB6-A9F6-76A0-1B7081242002}.Release|Any CPU.Build.0 = Release|Any CPU
		{A7A0E5F1-321C-A93C-AFD7-6498B07BF55A}.Debug|Any CPU.ActiveCfg = Debug|Any CPU
		{A7A0E5F1-321C-A93C-AFD7-6498B07BF55A}.Debug|Any CPU.Build.0 = Debug|Any CPU
		{A7A0E5F1-321C-A93C-AFD7-6498B07BF55A}.Release|Any CPU.ActiveCfg = Release|Any CPU
		{A7A0E5F1-321C-A93C-AFD7-6498B07BF55A}.Release|Any CPU.Build.0 = Release|Any CPU
		{5A005800-0B8E-080D-794A-2E09870C6D56}.Debug|Any CPU.ActiveCfg = Debug|Any CPU
		{5A005800-0B8E-080D-794A-2E09870C6D56}.Debug|Any CPU.Build.0 = Debug|Any CPU
		{5A005800-0B8E-080D-794A-2E09870C6D56}.Release|Any CPU.ActiveCfg = Release|Any CPU
		{5A005800-0B8E-080D-794A-2E09870C6D56}.Release|Any CPU.Build.0 = Release|Any CPU
		{7ED104CD-3B63-9328-0A42-1DA5DDC49A04}.Debug|Any CPU.ActiveCfg = Debug|Any CPU
		{7ED104CD-3B63-9328-0A42-1DA5DDC49A04}.Debug|Any CPU.Build.0 = Debug|Any CPU
		{7ED104CD-3B63-9328-0A42-1DA5DDC49A04}.Release|Any CPU.ActiveCfg = Release|Any CPU
		{7ED104CD-3B63-9328-0A42-1DA5DDC49A04}.Release|Any CPU.Build.0 = Release|Any CPU
		{47DD38A8-0AC3-46C1-2AD5-D23D023C12C0}.Debug|Any CPU.ActiveCfg = Debug|Any CPU
		{47DD38A8-0AC3-46C1-2AD5-D23D023C12C0}.Debug|Any CPU.Build.0 = Debug|Any CPU
		{47DD38A8-0AC3-46C1-2AD5-D23D023C12C0}.Release|Any CPU.ActiveCfg = Release|Any CPU
		{47DD38A8-0AC3-46C1-2AD5-D23D023C12C0}.Release|Any CPU.Build.0 = Release|Any CPU
		{E33D02A0-24F9-62DB-B9D5-2C7B7A797701}.Debug|Any CPU.ActiveCfg = Debug|Any CPU
		{E33D02A0-24F9-62DB-B9D5-2C7B7A797701}.Debug|Any CPU.Build.0 = Debug|Any CPU
		{E33D02A0-24F9-62DB-B9D5-2C7B7A797701}.Release|Any CPU.ActiveCfg = Release|Any CPU
		{E33D02A0-24F9-62DB-B9D5-2C7B7A797701}.Release|Any CPU.Build.0 = Release|Any CPU
		{A4EC02B5-5F1B-A5D7-4840-7B4E9643EA45}.Debug|Any CPU.ActiveCfg = Debug|Any CPU
		{A4EC02B5-5F1B-A5D7-4840-7B4E9643EA45}.Debug|Any CPU.Build.0 = Debug|Any CPU
		{A4EC02B5-5F1B-A5D7-4840-7B4E9643EA45}.Release|Any CPU.ActiveCfg = Release|Any CPU
		{A4EC02B5-5F1B-A5D7-4840-7B4E9643EA45}.Release|Any CPU.Build.0 = Release|Any CPU
		{76345220-DD94-D0A1-5A9D-910315CABB20}.Debug|Any CPU.ActiveCfg = Debug|Any CPU
		{76345220-DD94-D0A1-5A9D-910315CABB20}.Debug|Any CPU.Build.0 = Debug|Any CPU
		{76345220-DD94-D0A1-5A9D-910315CABB20}.Release|Any CPU.ActiveCfg = Release|Any CPU
		{76345220-DD94-D0A1-5A9D-910315CABB20}.Release|Any CPU.Build.0 = Release|Any CPU
		{EAB10226-C3D9-1222-D4C1-0BEAC4078DA8}.Debug|Any CPU.ActiveCfg = Debug|Any CPU
		{EAB10226-C3D9-1222-D4C1-0BEAC4078DA8}.Debug|Any CPU.Build.0 = Debug|Any CPU
		{EAB10226-C3D9-1222-D4C1-0BEAC4078DA8}.Release|Any CPU.ActiveCfg = Release|Any CPU
		{EAB10226-C3D9-1222-D4C1-0BEAC4078DA8}.Release|Any CPU.Build.0 = Release|Any CPU
		{FF6C8697-D7DB-26BD-B073-A4528A353F1F}.Debug|Any CPU.ActiveCfg = Debug|Any CPU
		{FF6C8697-D7DB-26BD-B073-A4528A353F1F}.Debug|Any CPU.Build.0 = Debug|Any CPU
		{FF6C8697-D7DB-26BD-B073-A4528A353F1F}.Release|Any CPU.ActiveCfg = Release|Any CPU
		{FF6C8697-D7DB-26BD-B073-A4528A353F1F}.Release|Any CPU.Build.0 = Release|Any CPU
		{962E1DC2-E411-B4E5-47D3-C8B7A01569F5}.Debug|Any CPU.ActiveCfg = Debug|Any CPU
		{962E1DC2-E411-B4E5-47D3-C8B7A01569F5}.Debug|Any CPU.Build.0 = Debug|Any CPU
		{962E1DC2-E411-B4E5-47D3-C8B7A01569F5}.Release|Any CPU.ActiveCfg = Release|Any CPU
		{962E1DC2-E411-B4E5-47D3-C8B7A01569F5}.Release|Any CPU.Build.0 = Release|Any CPU
		{D13E0F30-B5DA-B44A-A068-F0B8A253B8A0}.Debug|Any CPU.ActiveCfg = Debug|Any CPU
		{D13E0F30-B5DA-B44A-A068-F0B8A253B8A0}.Debug|Any CPU.Build.0 = Debug|Any CPU
		{D13E0F30-B5DA-B44A-A068-F0B8A253B8A0}.Release|Any CPU.ActiveCfg = Release|Any CPU
		{D13E0F30-B5DA-B44A-A068-F0B8A253B8A0}.Release|Any CPU.Build.0 = Release|Any CPU
		{3C027414-EFE5-C591-B540-95455CECD62C}.Debug|Any CPU.ActiveCfg = Debug|Any CPU
		{3C027414-EFE5-C591-B540-95455CECD62C}.Debug|Any CPU.Build.0 = Debug|Any CPU
		{3C027414-EFE5-C591-B540-95455CECD62C}.Release|Any CPU.ActiveCfg = Release|Any CPU
		{3C027414-EFE5-C591-B540-95455CECD62C}.Release|Any CPU.Build.0 = Release|Any CPU
		{7B5A2DF6-F14B-E938-E468-B74B245A5634}.Debug|Any CPU.ActiveCfg = Debug|Any CPU
		{7B5A2DF6-F14B-E938-E468-B74B245A5634}.Debug|Any CPU.Build.0 = Debug|Any CPU
		{7B5A2DF6-F14B-E938-E468-B74B245A5634}.Release|Any CPU.ActiveCfg = Release|Any CPU
		{7B5A2DF6-F14B-E938-E468-B74B245A5634}.Release|Any CPU.Build.0 = Release|Any CPU
		{0CE71E0A-79B8-DF5F-8EF0-6D07683FD3DC}.Debug|Any CPU.ActiveCfg = Debug|Any CPU
		{0CE71E0A-79B8-DF5F-8EF0-6D07683FD3DC}.Debug|Any CPU.Build.0 = Debug|Any CPU
		{0CE71E0A-79B8-DF5F-8EF0-6D07683FD3DC}.Release|Any CPU.ActiveCfg = Release|Any CPU
		{0CE71E0A-79B8-DF5F-8EF0-6D07683FD3DC}.Release|Any CPU.Build.0 = Release|Any CPU
		{81953BC7-5A9E-DF77-E083-D35E7862114A}.Debug|Any CPU.ActiveCfg = Debug|Any CPU
		{81953BC7-5A9E-DF77-E083-D35E7862114A}.Debug|Any CPU.Build.0 = Debug|Any CPU
		{81953BC7-5A9E-DF77-E083-D35E7862114A}.Release|Any CPU.ActiveCfg = Release|Any CPU
		{81953BC7-5A9E-DF77-E083-D35E7862114A}.Release|Any CPU.Build.0 = Release|Any CPU
		{5C62813D-9AD7-74BC-B560-ABAF9B3C7564}.Debug|Any CPU.ActiveCfg = Debug|Any CPU
		{5C62813D-9AD7-74BC-B560-ABAF9B3C7564}.Debug|Any CPU.Build.0 = Debug|Any CPU
		{5C62813D-9AD7-74BC-B560-ABAF9B3C7564}.Release|Any CPU.ActiveCfg = Release|Any CPU
		{5C62813D-9AD7-74BC-B560-ABAF9B3C7564}.Release|Any CPU.Build.0 = Release|Any CPU
		{4454B196-0A68-B34D-9B00-E2B5A0DBBAEB}.Debug|Any CPU.ActiveCfg = Debug|Any CPU
		{4454B196-0A68-B34D-9B00-E2B5A0DBBAEB}.Debug|Any CPU.Build.0 = Debug|Any CPU
		{4454B196-0A68-B34D-9B00-E2B5A0DBBAEB}.Release|Any CPU.ActiveCfg = Release|Any CPU
		{4454B196-0A68-B34D-9B00-E2B5A0DBBAEB}.Release|Any CPU.Build.0 = Release|Any CPU
		{E14C0803-C5EB-E58A-AE66-34968AF38FC5}.Debug|Any CPU.ActiveCfg = Debug|Any CPU
		{E14C0803-C5EB-E58A-AE66-34968AF38FC5}.Debug|Any CPU.Build.0 = Debug|Any CPU
		{E14C0803-C5EB-E58A-AE66-34968AF38FC5}.Release|Any CPU.ActiveCfg = Release|Any CPU
		{E14C0803-C5EB-E58A-AE66-34968AF38FC5}.Release|Any CPU.Build.0 = Release|Any CPU
		{D61174B4-13B9-EE5A-0F34-69A25B947343}.Debug|Any CPU.ActiveCfg = Debug|Any CPU
		{D61174B4-13B9-EE5A-0F34-69A25B947343}.Debug|Any CPU.Build.0 = Debug|Any CPU
		{D61174B4-13B9-EE5A-0F34-69A25B947343}.Release|Any CPU.ActiveCfg = Release|Any CPU
		{D61174B4-13B9-EE5A-0F34-69A25B947343}.Release|Any CPU.Build.0 = Release|Any CPU
		{C062769E-3EA6-AD47-834A-A7A4A31F9181}.Debug|Any CPU.ActiveCfg = Debug|Any CPU
		{C062769E-3EA6-AD47-834A-A7A4A31F9181}.Debug|Any CPU.Build.0 = Debug|Any CPU
		{C062769E-3EA6-AD47-834A-A7A4A31F9181}.Release|Any CPU.ActiveCfg = Release|Any CPU
		{C062769E-3EA6-AD47-834A-A7A4A31F9181}.Release|Any CPU.Build.0 = Release|Any CPU
		{E3847B20-AC43-ED92-0937-78A4CD0214AB}.Debug|Any CPU.ActiveCfg = Debug|Any CPU
		{E3847B20-AC43-ED92-0937-78A4CD0214AB}.Debug|Any CPU.Build.0 = Debug|Any CPU
		{E3847B20-AC43-ED92-0937-78A4CD0214AB}.Release|Any CPU.ActiveCfg = Release|Any CPU
		{E3847B20-AC43-ED92-0937-78A4CD0214AB}.Release|Any CPU.Build.0 = Release|Any CPU
		{C5A0EF91-EE4A-2A60-0CD8-25C906D48E26}.Debug|Any CPU.ActiveCfg = Debug|Any CPU
		{C5A0EF91-EE4A-2A60-0CD8-25C906D48E26}.Debug|Any CPU.Build.0 = Debug|Any CPU
		{C5A0EF91-EE4A-2A60-0CD8-25C906D48E26}.Release|Any CPU.ActiveCfg = Release|Any CPU
		{C5A0EF91-EE4A-2A60-0CD8-25C906D48E26}.Release|Any CPU.Build.0 = Release|Any CPU
		{5ECCCF84-DDCE-5A79-DB51-61D6A6E9942C}.Debug|Any CPU.ActiveCfg = Debug|Any CPU
		{5ECCCF84-DDCE-5A79-DB51-61D6A6E9942C}.Debug|Any CPU.Build.0 = Debug|Any CPU
		{5ECCCF84-DDCE-5A79-DB51-61D6A6E9942C}.Release|Any CPU.ActiveCfg = Release|Any CPU
		{5ECCCF84-DDCE-5A79-DB51-61D6A6E9942C}.Release|Any CPU.Build.0 = Release|Any CPU
		{C5DBBB17-0AD5-8144-1989-542C24EDD190}.Debug|Any CPU.ActiveCfg = Debug|Any CPU
		{C5DBBB17-0AD5-8144-1989-542C24EDD190}.Debug|Any CPU.Build.0 = Debug|Any CPU
		{C5DBBB17-0AD5-8144-1989-542C24EDD190}.Release|Any CPU.ActiveCfg = Release|Any CPU
		{C5DBBB17-0AD5-8144-1989-542C24EDD190}.Release|Any CPU.Build.0 = Release|Any CPU
		{DE05987D-6799-4BE8-2F92-08D34B8BAD68}.Debug|Any CPU.ActiveCfg = Debug|Any CPU
		{DE05987D-6799-4BE8-2F92-08D34B8BAD68}.Debug|Any CPU.Build.0 = Debug|Any CPU
		{DE05987D-6799-4BE8-2F92-08D34B8BAD68}.Release|Any CPU.ActiveCfg = Release|Any CPU
		{DE05987D-6799-4BE8-2F92-08D34B8BAD68}.Release|Any CPU.Build.0 = Release|Any CPU
		{69D54DB3-AD4D-587B-572D-423CBB5464D7}.Debug|Any CPU.ActiveCfg = Debug|Any CPU
		{69D54DB3-AD4D-587B-572D-423CBB5464D7}.Debug|Any CPU.Build.0 = Debug|Any CPU
		{69D54DB3-AD4D-587B-572D-423CBB5464D7}.Release|Any CPU.ActiveCfg = Release|Any CPU
		{69D54DB3-AD4D-587B-572D-423CBB5464D7}.Release|Any CPU.Build.0 = Release|Any CPU
		{A14538BB-EB29-8AEC-7F00-B43682FC7374}.Debug|Any CPU.ActiveCfg = Debug|Any CPU
		{A14538BB-EB29-8AEC-7F00-B43682FC7374}.Debug|Any CPU.Build.0 = Debug|Any CPU
		{A14538BB-EB29-8AEC-7F00-B43682FC7374}.Release|Any CPU.ActiveCfg = Release|Any CPU
		{A14538BB-EB29-8AEC-7F00-B43682FC7374}.Release|Any CPU.Build.0 = Release|Any CPU
		{588ECEFD-7507-6D26-B5A3-1B8BC02993D0}.Debug|Any CPU.ActiveCfg = Debug|Any CPU
		{588ECEFD-7507-6D26-B5A3-1B8BC02993D0}.Debug|Any CPU.Build.0 = Debug|Any CPU
		{588ECEFD-7507-6D26-B5A3-1B8BC02993D0}.Release|Any CPU.ActiveCfg = Release|Any CPU
		{588ECEFD-7507-6D26-B5A3-1B8BC02993D0}.Release|Any CPU.Build.0 = Release|Any CPU
		{D3A484B5-919C-7B95-E363-8A3E37411557}.Debug|Any CPU.ActiveCfg = Debug|Any CPU
		{D3A484B5-919C-7B95-E363-8A3E37411557}.Debug|Any CPU.Build.0 = Debug|Any CPU
		{D3A484B5-919C-7B95-E363-8A3E37411557}.Release|Any CPU.ActiveCfg = Release|Any CPU
		{D3A484B5-919C-7B95-E363-8A3E37411557}.Release|Any CPU.Build.0 = Release|Any CPU
		{A6C94A66-6680-6F80-2BE9-8663ED1498DE}.Debug|Any CPU.ActiveCfg = Debug|Any CPU
		{A6C94A66-6680-6F80-2BE9-8663ED1498DE}.Debug|Any CPU.Build.0 = Debug|Any CPU
		{A6C94A66-6680-6F80-2BE9-8663ED1498DE}.Release|Any CPU.ActiveCfg = Release|Any CPU
		{A6C94A66-6680-6F80-2BE9-8663ED1498DE}.Release|Any CPU.Build.0 = Release|Any CPU
		{11F73957-22A1-78A5-EC4D-2C10D819E4B1}.Debug|Any CPU.ActiveCfg = Debug|Any CPU
		{11F73957-22A1-78A5-EC4D-2C10D819E4B1}.Debug|Any CPU.Build.0 = Debug|Any CPU
		{11F73957-22A1-78A5-EC4D-2C10D819E4B1}.Release|Any CPU.ActiveCfg = Release|Any CPU
		{11F73957-22A1-78A5-EC4D-2C10D819E4B1}.Release|Any CPU.Build.0 = Release|Any CPU
		{DFF28CCC-3228-F2E8-910C-46215C35D783}.Debug|Any CPU.ActiveCfg = Debug|Any CPU
		{DFF28CCC-3228-F2E8-910C-46215C35D783}.Debug|Any CPU.Build.0 = Debug|Any CPU
		{DFF28CCC-3228-F2E8-910C-46215C35D783}.Release|Any CPU.ActiveCfg = Release|Any CPU
		{DFF28CCC-3228-F2E8-910C-46215C35D783}.Release|Any CPU.Build.0 = Release|Any CPU
		{7884A3A7-08ED-FD30-099E-8B213F832DA5}.Debug|Any CPU.ActiveCfg = Debug|Any CPU
		{7884A3A7-08ED-FD30-099E-8B213F832DA5}.Debug|Any CPU.Build.0 = Debug|Any CPU
		{7884A3A7-08ED-FD30-099E-8B213F832DA5}.Release|Any CPU.ActiveCfg = Release|Any CPU
		{7884A3A7-08ED-FD30-099E-8B213F832DA5}.Release|Any CPU.Build.0 = Release|Any CPU
		{C891C35A-CC8E-1630-9860-615A8E422939}.Debug|Any CPU.ActiveCfg = Debug|Any CPU
		{C891C35A-CC8E-1630-9860-615A8E422939}.Debug|Any CPU.Build.0 = Debug|Any CPU
		{C891C35A-CC8E-1630-9860-615A8E422939}.Release|Any CPU.ActiveCfg = Release|Any CPU
		{C891C35A-CC8E-1630-9860-615A8E422939}.Release|Any CPU.Build.0 = Release|Any CPU
		{088DDAED-2763-088F-1CA6-AB459AFAA3BA}.Debug|Any CPU.ActiveCfg = Debug|Any CPU
		{088DDAED-2763-088F-1CA6-AB459AFAA3BA}.Debug|Any CPU.Build.0 = Debug|Any CPU
		{088DDAED-2763-088F-1CA6-AB459AFAA3BA}.Release|Any CPU.ActiveCfg = Release|Any CPU
		{088DDAED-2763-088F-1CA6-AB459AFAA3BA}.Release|Any CPU.Build.0 = Release|Any CPU
		{FF6DF3F1-9D63-39E3-9EDF-6A767F5F8A31}.Debug|Any CPU.ActiveCfg = Debug|Any CPU
		{FF6DF3F1-9D63-39E3-9EDF-6A767F5F8A31}.Debug|Any CPU.Build.0 = Debug|Any CPU
		{FF6DF3F1-9D63-39E3-9EDF-6A767F5F8A31}.Release|Any CPU.ActiveCfg = Release|Any CPU
		{FF6DF3F1-9D63-39E3-9EDF-6A767F5F8A31}.Release|Any CPU.Build.0 = Release|Any CPU
		{89EF336A-25B5-D6DD-8AD9-64CF2677A6D0}.Debug|Any CPU.ActiveCfg = Debug|Any CPU
		{89EF336A-25B5-D6DD-8AD9-64CF2677A6D0}.Debug|Any CPU.Build.0 = Debug|Any CPU
		{89EF336A-25B5-D6DD-8AD9-64CF2677A6D0}.Release|Any CPU.ActiveCfg = Release|Any CPU
		{89EF336A-25B5-D6DD-8AD9-64CF2677A6D0}.Release|Any CPU.Build.0 = Release|Any CPU
		{1DFBE881-DE41-2A98-660D-BE74D7C763F3}.Debug|Any CPU.ActiveCfg = Debug|Any CPU
		{1DFBE881-DE41-2A98-660D-BE74D7C763F3}.Debug|Any CPU.Build.0 = Debug|Any CPU
		{1DFBE881-DE41-2A98-660D-BE74D7C763F3}.Release|Any CPU.ActiveCfg = Release|Any CPU
		{1DFBE881-DE41-2A98-660D-BE74D7C763F3}.Release|Any CPU.Build.0 = Release|Any CPU
		{B26AD2B6-17A9-9555-EA37-F891F73E989C}.Debug|Any CPU.ActiveCfg = Debug|Any CPU
		{B26AD2B6-17A9-9555-EA37-F891F73E989C}.Debug|Any CPU.Build.0 = Debug|Any CPU
		{B26AD2B6-17A9-9555-EA37-F891F73E989C}.Release|Any CPU.ActiveCfg = Release|Any CPU
		{B26AD2B6-17A9-9555-EA37-F891F73E989C}.Release|Any CPU.Build.0 = Release|Any CPU
		{AF6E40C5-785E-5A92-DC82-F2BDE5E98EA4}.Debug|Any CPU.ActiveCfg = Debug|Any CPU
		{AF6E40C5-785E-5A92-DC82-F2BDE5E98EA4}.Debug|Any CPU.Build.0 = Debug|Any CPU
		{AF6E40C5-785E-5A92-DC82-F2BDE5E98EA4}.Release|Any CPU.ActiveCfg = Release|Any CPU
		{AF6E40C5-785E-5A92-DC82-F2BDE5E98EA4}.Release|Any CPU.Build.0 = Release|Any CPU
		{F6DFA9B7-BCF6-A97A-CD6B-94F5402AD43B}.Debug|Any CPU.ActiveCfg = Debug|Any CPU
		{F6DFA9B7-BCF6-A97A-CD6B-94F5402AD43B}.Debug|Any CPU.Build.0 = Debug|Any CPU
		{F6DFA9B7-BCF6-A97A-CD6B-94F5402AD43B}.Release|Any CPU.ActiveCfg = Release|Any CPU
		{F6DFA9B7-BCF6-A97A-CD6B-94F5402AD43B}.Release|Any CPU.Build.0 = Release|Any CPU
		{356EC231-46D5-0574-00BE-865507623FCB}.Debug|Any CPU.ActiveCfg = Debug|Any CPU
		{356EC231-46D5-0574-00BE-865507623FCB}.Debug|Any CPU.Build.0 = Debug|Any CPU
		{356EC231-46D5-0574-00BE-865507623FCB}.Release|Any CPU.ActiveCfg = Release|Any CPU
		{356EC231-46D5-0574-00BE-865507623FCB}.Release|Any CPU.Build.0 = Release|Any CPU
		{3DCE602E-22E5-6CD9-37C1-71592E3B2436}.Debug|Any CPU.ActiveCfg = Debug|Any CPU
		{3DCE602E-22E5-6CD9-37C1-71592E3B2436}.Debug|Any CPU.Build.0 = Debug|Any CPU
		{3DCE602E-22E5-6CD9-37C1-71592E3B2436}.Release|Any CPU.ActiveCfg = Release|Any CPU
		{3DCE602E-22E5-6CD9-37C1-71592E3B2436}.Release|Any CPU.Build.0 = Release|Any CPU
		{216194D2-D4AC-E695-2EF8-6E5E293966C8}.Debug|Any CPU.ActiveCfg = Debug|Any CPU
		{216194D2-D4AC-E695-2EF8-6E5E293966C8}.Debug|Any CPU.Build.0 = Debug|Any CPU
		{216194D2-D4AC-E695-2EF8-6E5E293966C8}.Release|Any CPU.ActiveCfg = Release|Any CPU
		{216194D2-D4AC-E695-2EF8-6E5E293966C8}.Release|Any CPU.Build.0 = Release|Any CPU
		{9256A6D0-1FC7-F2C2-89D5-1DBFDCB59F01}.Debug|Any CPU.ActiveCfg = Debug|Any CPU
		{9256A6D0-1FC7-F2C2-89D5-1DBFDCB59F01}.Debug|Any CPU.Build.0 = Debug|Any CPU
		{9256A6D0-1FC7-F2C2-89D5-1DBFDCB59F01}.Release|Any CPU.ActiveCfg = Release|Any CPU
		{9256A6D0-1FC7-F2C2-89D5-1DBFDCB59F01}.Release|Any CPU.Build.0 = Release|Any CPU
		{F77CB67E-078F-D554-F6F4-797DEDD34198}.Debug|Any CPU.ActiveCfg = Debug|Any CPU
		{F77CB67E-078F-D554-F6F4-797DEDD34198}.Debug|Any CPU.Build.0 = Debug|Any CPU
		{F77CB67E-078F-D554-F6F4-797DEDD34198}.Release|Any CPU.ActiveCfg = Release|Any CPU
		{F77CB67E-078F-D554-F6F4-797DEDD34198}.Release|Any CPU.Build.0 = Release|Any CPU
		{C25A2105-00D7-AB8D-3799-0ED0017AB699}.Debug|Any CPU.ActiveCfg = Debug|Any CPU
		{C25A2105-00D7-AB8D-3799-0ED0017AB699}.Debug|Any CPU.Build.0 = Debug|Any CPU
		{C25A2105-00D7-AB8D-3799-0ED0017AB699}.Release|Any CPU.ActiveCfg = Release|Any CPU
		{C25A2105-00D7-AB8D-3799-0ED0017AB699}.Release|Any CPU.Build.0 = Release|Any CPU
		{6ABEA9EC-B852-9CBE-A561-7AB844056705}.Debug|Any CPU.ActiveCfg = Debug|Any CPU
		{6ABEA9EC-B852-9CBE-A561-7AB844056705}.Debug|Any CPU.Build.0 = Debug|Any CPU
		{6ABEA9EC-B852-9CBE-A561-7AB844056705}.Release|Any CPU.ActiveCfg = Release|Any CPU
		{6ABEA9EC-B852-9CBE-A561-7AB844056705}.Release|Any CPU.Build.0 = Release|Any CPU
		{7119A916-71C8-0DF2-D65C-EE6F3CAEC42E}.Debug|Any CPU.ActiveCfg = Debug|Any CPU
		{7119A916-71C8-0DF2-D65C-EE6F3CAEC42E}.Debug|Any CPU.Build.0 = Debug|Any CPU
		{7119A916-71C8-0DF2-D65C-EE6F3CAEC42E}.Release|Any CPU.ActiveCfg = Release|Any CPU
		{7119A916-71C8-0DF2-D65C-EE6F3CAEC42E}.Release|Any CPU.Build.0 = Release|Any CPU
		{C7DD8D05-BBA8-8598-2EDB-D799BB5F88DD}.Debug|Any CPU.ActiveCfg = Debug|Any CPU
		{C7DD8D05-BBA8-8598-2EDB-D799BB5F88DD}.Debug|Any CPU.Build.0 = Debug|Any CPU
		{C7DD8D05-BBA8-8598-2EDB-D799BB5F88DD}.Release|Any CPU.ActiveCfg = Release|Any CPU
		{C7DD8D05-BBA8-8598-2EDB-D799BB5F88DD}.Release|Any CPU.Build.0 = Release|Any CPU
		{245A875F-2A6F-3FCC-7C3A-53ACF2B8D1EB}.Debug|Any CPU.ActiveCfg = Debug|Any CPU
		{245A875F-2A6F-3FCC-7C3A-53ACF2B8D1EB}.Debug|Any CPU.Build.0 = Debug|Any CPU
		{245A875F-2A6F-3FCC-7C3A-53ACF2B8D1EB}.Release|Any CPU.ActiveCfg = Release|Any CPU
		{245A875F-2A6F-3FCC-7C3A-53ACF2B8D1EB}.Release|Any CPU.Build.0 = Release|Any CPU
		{07526470-69A3-59A9-BF13-6D5618C4FDBB}.Debug|Any CPU.ActiveCfg = Debug|Any CPU
		{07526470-69A3-59A9-BF13-6D5618C4FDBB}.Debug|Any CPU.Build.0 = Debug|Any CPU
		{07526470-69A3-59A9-BF13-6D5618C4FDBB}.Release|Any CPU.ActiveCfg = Release|Any CPU
		{07526470-69A3-59A9-BF13-6D5618C4FDBB}.Release|Any CPU.Build.0 = Release|Any CPU
		{690F5CE9-C4B1-A3E4-BFD9-11B84256CD18}.Debug|Any CPU.ActiveCfg = Debug|Any CPU
		{690F5CE9-C4B1-A3E4-BFD9-11B84256CD18}.Debug|Any CPU.Build.0 = Debug|Any CPU
		{690F5CE9-C4B1-A3E4-BFD9-11B84256CD18}.Release|Any CPU.ActiveCfg = Release|Any CPU
		{690F5CE9-C4B1-A3E4-BFD9-11B84256CD18}.Release|Any CPU.Build.0 = Release|Any CPU
		{00E822BF-053E-5DA9-E6C9-4684ABE3E7FD}.Debug|Any CPU.ActiveCfg = Debug|Any CPU
		{00E822BF-053E-5DA9-E6C9-4684ABE3E7FD}.Debug|Any CPU.Build.0 = Debug|Any CPU
		{00E822BF-053E-5DA9-E6C9-4684ABE3E7FD}.Release|Any CPU.ActiveCfg = Release|Any CPU
		{00E822BF-053E-5DA9-E6C9-4684ABE3E7FD}.Release|Any CPU.Build.0 = Release|Any CPU
		{DA79CABD-0B51-059F-06BC-95E2D46B200E}.Debug|Any CPU.ActiveCfg = Debug|Any CPU
		{DA79CABD-0B51-059F-06BC-95E2D46B200E}.Debug|Any CPU.Build.0 = Debug|Any CPU
		{DA79CABD-0B51-059F-06BC-95E2D46B200E}.Release|Any CPU.ActiveCfg = Release|Any CPU
		{DA79CABD-0B51-059F-06BC-95E2D46B200E}.Release|Any CPU.Build.0 = Release|Any CPU
		{575115F9-A933-4FD6-0C84-0BCB41AE34D9}.Debug|Any CPU.ActiveCfg = Debug|Any CPU
		{575115F9-A933-4FD6-0C84-0BCB41AE34D9}.Debug|Any CPU.Build.0 = Debug|Any CPU
		{575115F9-A933-4FD6-0C84-0BCB41AE34D9}.Release|Any CPU.ActiveCfg = Release|Any CPU
		{575115F9-A933-4FD6-0C84-0BCB41AE34D9}.Release|Any CPU.Build.0 = Release|Any CPU
		{257C3B34-D9AF-70F9-177D-FEEA66E8967D}.Debug|Any CPU.ActiveCfg = Debug|Any CPU
		{257C3B34-D9AF-70F9-177D-FEEA66E8967D}.Debug|Any CPU.Build.0 = Debug|Any CPU
		{257C3B34-D9AF-70F9-177D-FEEA66E8967D}.Release|Any CPU.ActiveCfg = Release|Any CPU
		{257C3B34-D9AF-70F9-177D-FEEA66E8967D}.Release|Any CPU.Build.0 = Release|Any CPU
		{AD47870D-5DAC-A220-FA49-C1283A5A7BE8}.Debug|Any CPU.ActiveCfg = Debug|Any CPU
		{AD47870D-5DAC-A220-FA49-C1283A5A7BE8}.Debug|Any CPU.Build.0 = Debug|Any CPU
		{AD47870D-5DAC-A220-FA49-C1283A5A7BE8}.Release|Any CPU.ActiveCfg = Release|Any CPU
		{AD47870D-5DAC-A220-FA49-C1283A5A7BE8}.Release|Any CPU.Build.0 = Release|Any CPU
		{F998BFE5-FD1E-6E66-9ADB-7EC2758B3A0B}.Debug|Any CPU.ActiveCfg = Debug|Any CPU
		{F998BFE5-FD1E-6E66-9ADB-7EC2758B3A0B}.Debug|Any CPU.Build.0 = Debug|Any CPU
		{F998BFE5-FD1E-6E66-9ADB-7EC2758B3A0B}.Release|Any CPU.ActiveCfg = Release|Any CPU
		{F998BFE5-FD1E-6E66-9ADB-7EC2758B3A0B}.Release|Any CPU.Build.0 = Release|Any CPU
		{125B2329-4A76-833D-F96A-A4919D8C02E2}.Debug|Any CPU.ActiveCfg = Debug|Any CPU
		{125B2329-4A76-833D-F96A-A4919D8C02E2}.Debug|Any CPU.Build.0 = Debug|Any CPU
		{125B2329-4A76-833D-F96A-A4919D8C02E2}.Release|Any CPU.ActiveCfg = Release|Any CPU
		{125B2329-4A76-833D-F96A-A4919D8C02E2}.Release|Any CPU.Build.0 = Release|Any CPU
		{CEE13137-5AAD-7B90-38AF-0A4C7B83AEF9}.Debug|Any CPU.ActiveCfg = Debug|Any CPU
		{CEE13137-5AAD-7B90-38AF-0A4C7B83AEF9}.Debug|Any CPU.Build.0 = Debug|Any CPU
		{CEE13137-5AAD-7B90-38AF-0A4C7B83AEF9}.Release|Any CPU.ActiveCfg = Release|Any CPU
		{CEE13137-5AAD-7B90-38AF-0A4C7B83AEF9}.Release|Any CPU.Build.0 = Release|Any CPU
		{08FB06FB-3E28-C122-973B-39309ECCB2A1}.Debug|Any CPU.ActiveCfg = Debug|Any CPU
		{08FB06FB-3E28-C122-973B-39309ECCB2A1}.Debug|Any CPU.Build.0 = Debug|Any CPU
		{08FB06FB-3E28-C122-973B-39309ECCB2A1}.Release|Any CPU.ActiveCfg = Release|Any CPU
		{08FB06FB-3E28-C122-973B-39309ECCB2A1}.Release|Any CPU.Build.0 = Release|Any CPU
		{E550CFC2-4E4F-4E85-3ECE-3F791B4976CE}.Debug|Any CPU.ActiveCfg = Debug|Any CPU
		{E550CFC2-4E4F-4E85-3ECE-3F791B4976CE}.Debug|Any CPU.Build.0 = Debug|Any CPU
		{E550CFC2-4E4F-4E85-3ECE-3F791B4976CE}.Release|Any CPU.ActiveCfg = Release|Any CPU
		{E550CFC2-4E4F-4E85-3ECE-3F791B4976CE}.Release|Any CPU.Build.0 = Release|Any CPU
		{C4523E57-7C02-AC4D-DDD0-8E2B6EA2566E}.Debug|Any CPU.ActiveCfg = Debug|Any CPU
		{C4523E57-7C02-AC4D-DDD0-8E2B6EA2566E}.Debug|Any CPU.Build.0 = Debug|Any CPU
		{C4523E57-7C02-AC4D-DDD0-8E2B6EA2566E}.Release|Any CPU.ActiveCfg = Release|Any CPU
		{C4523E57-7C02-AC4D-DDD0-8E2B6EA2566E}.Release|Any CPU.Build.0 = Release|Any CPU
		{571D0574-CD8F-FDE2-D882-EDA1D79345F8}.Debug|Any CPU.ActiveCfg = Debug|Any CPU
		{571D0574-CD8F-FDE2-D882-EDA1D79345F8}.Debug|Any CPU.Build.0 = Debug|Any CPU
		{571D0574-CD8F-FDE2-D882-EDA1D79345F8}.Release|Any CPU.ActiveCfg = Release|Any CPU
		{571D0574-CD8F-FDE2-D882-EDA1D79345F8}.Release|Any CPU.Build.0 = Release|Any CPU
		{3F80A833-CAF3-1AC5-0ACF-15B6BA3FBA20}.Debug|Any CPU.ActiveCfg = Debug|Any CPU
		{3F80A833-CAF3-1AC5-0ACF-15B6BA3FBA20}.Debug|Any CPU.Build.0 = Debug|Any CPU
		{3F80A833-CAF3-1AC5-0ACF-15B6BA3FBA20}.Release|Any CPU.ActiveCfg = Release|Any CPU
		{3F80A833-CAF3-1AC5-0ACF-15B6BA3FBA20}.Release|Any CPU.Build.0 = Release|Any CPU
		{ADFB71F6-B0D1-BDC3-8C8D-3BD981B03945}.Debug|Any CPU.ActiveCfg = Debug|Any CPU
		{ADFB71F6-B0D1-BDC3-8C8D-3BD981B03945}.Debug|Any CPU.Build.0 = Debug|Any CPU
		{ADFB71F6-B0D1-BDC3-8C8D-3BD981B03945}.Release|Any CPU.ActiveCfg = Release|Any CPU
		{ADFB71F6-B0D1-BDC3-8C8D-3BD981B03945}.Release|Any CPU.Build.0 = Release|Any CPU
		{C1D354F4-4A7C-423A-B95F-C28E3096EA02}.Debug|Any CPU.ActiveCfg = Debug|Any CPU
		{C1D354F4-4A7C-423A-B95F-C28E3096EA02}.Debug|Any CPU.Build.0 = Debug|Any CPU
		{C1D354F4-4A7C-423A-B95F-C28E3096EA02}.Release|Any CPU.ActiveCfg = Release|Any CPU
		{C1D354F4-4A7C-423A-B95F-C28E3096EA02}.Release|Any CPU.Build.0 = Release|Any CPU
		{87581BDA-71CA-134A-614C-99697E13A6D6}.Debug|Any CPU.ActiveCfg = Debug|Any CPU
		{87581BDA-71CA-134A-614C-99697E13A6D6}.Debug|Any CPU.Build.0 = Debug|Any CPU
		{87581BDA-71CA-134A-614C-99697E13A6D6}.Release|Any CPU.ActiveCfg = Release|Any CPU
		{87581BDA-71CA-134A-614C-99697E13A6D6}.Release|Any CPU.Build.0 = Release|Any CPU
		{F3A4264A-1AC6-C6F7-57FC-C5E81F8BA0BD}.Debug|Any CPU.ActiveCfg = Debug|Any CPU
		{F3A4264A-1AC6-C6F7-57FC-C5E81F8BA0BD}.Debug|Any CPU.Build.0 = Debug|Any CPU
		{F3A4264A-1AC6-C6F7-57FC-C5E81F8BA0BD}.Release|Any CPU.ActiveCfg = Release|Any CPU
		{F3A4264A-1AC6-C6F7-57FC-C5E81F8BA0BD}.Release|Any CPU.Build.0 = Release|Any CPU
		{344EBD90-C518-BC88-5EBA-C5F15F62E76D}.Debug|Any CPU.ActiveCfg = Debug|Any CPU
		{344EBD90-C518-BC88-5EBA-C5F15F62E76D}.Debug|Any CPU.Build.0 = Debug|Any CPU
		{344EBD90-C518-BC88-5EBA-C5F15F62E76D}.Release|Any CPU.ActiveCfg = Release|Any CPU
		{344EBD90-C518-BC88-5EBA-C5F15F62E76D}.Release|Any CPU.Build.0 = Release|Any CPU
		{C0A82040-B184-9299-213E-9CF318C17079}.Debug|Any CPU.ActiveCfg = Debug|Any CPU
		{C0A82040-B184-9299-213E-9CF318C17079}.Debug|Any CPU.Build.0 = Debug|Any CPU
		{C0A82040-B184-9299-213E-9CF318C17079}.Release|Any CPU.ActiveCfg = Release|Any CPU
		{C0A82040-B184-9299-213E-9CF318C17079}.Release|Any CPU.Build.0 = Release|Any CPU
	EndGlobalSection
	GlobalSection(SolutionProperties) = preSolution
		HideSolutionNode = FALSE
	EndGlobalSection
EndGlobal
